
Microsoft Visual Studio Solution File, Format Version 12.00
# Visual Studio Version 17
VisualStudioVersion = 17.3.32929.385
MinimumVisualStudioVersion = 10.0.40219.1
Project("{9A19103F-16F7-4668-BE54-9A1E7A4F7556}") = "RoboRockets", "_Sgt-Imalas-Mods\Robo Rockets\RoboRockets.csproj", "{AAA43DBC-7B67-4027-B615-4289936FB99C}"
EndProject
Project("{9A19103F-16F7-4668-BE54-9A1E7A4F7556}") = "UtilLibs", "_Sgt-Imalas-Mods\UtilLibs\UtilLibs.csproj", "{BFA3D6B9-F435-448E-B1A0-0D33F944CEB3}"
EndProject
Project("{2150E333-8FDC-42A3-9474-1A3956D46DE8}") = "Solution Items", "Solution Items", "{24F61C11-CC87-4DFE-A4CF-659E31DFF121}"
	ProjectSection(SolutionItems) = preProject
		Directory.Build.props = Directory.Build.props
		Directory.Build.targets = Directory.Build.targets
		ModVersionData.json = ModVersionData.json
		README.md = README.md
		UpdatedOniTemplate.zip = UpdatedOniTemplate.zip
	EndProjectSection
EndProject
Project("{9A19103F-16F7-4668-BE54-9A1E7A4F7556}") = "Radiator_Mod", "_Sgt-Imalas-Mods\Radiator_Mod\Radiator_Mod.csproj", "{27578E2C-D7D3-4A01-94C1-58F72668471C}"
EndProject
Project("{9A19103F-16F7-4668-BE54-9A1E7A4F7556}") = "NuclearExpansion", "_Sgt-Imalas-Mods\RocketryExpanded\NuclearExpansion.csproj", "{784D7585-0768-4D16-8534-FC8891A28E04}"
EndProject
Project("{9A19103F-16F7-4668-BE54-9A1E7A4F7556}") = "CannedFoodNGoods", "_Sgt-Imalas-Mods\CannedFoodNGoods\CannedFoodNGoods.csproj", "{F25316D9-C3B0-4FBE-B112-4952336D4A07}"
EndProject
Project("{9A19103F-16F7-4668-BE54-9A1E7A4F7556}") = "LogicSatelites", "_Sgt-Imalas-Mods\LogicSatelites\LogicSatelites.csproj", "{7F120EDF-5E97-4962-8A0A-1D96E654BF8F}"
EndProject
Project("{9A19103F-16F7-4668-BE54-9A1E7A4F7556}") = "Rockets-TinyYetBig", "_Sgt-Imalas-Mods\Rockets-TinyYetBig\Rockets-TinyYetBig.csproj", "{F7AC93F7-8808-4677-A547-5BD90FF17290}"
EndProject
Project("{9A19103F-16F7-4668-BE54-9A1E7A4F7556}") = "YamlTemplateExportFix", "_Sgt-Imalas-Mods\YamlTemplateExportFix\YamlTemplateExportFix.csproj", "{BA44B3B4-DB2A-4378-9C0A-F91ECCB8FA37}"
EndProject
Project("{9A19103F-16F7-4668-BE54-9A1E7A4F7556}") = "Cryopod", "_Sgt-Imalas-Mods\Cryopod\Cryopod.csproj", "{561C0258-9610-4110-85FC-91810F54AA49}"
EndProject
Project("{9A19103F-16F7-4668-BE54-9A1E7A4F7556}") = "ModListManager", "_Sgt-Imalas-Mods\SaveGameModLoader\ModListManager.csproj", "{ED0AEDB8-8A03-45AE-8E61-71E7CA1EBCC6}"
EndProject
Project("{9A19103F-16F7-4668-BE54-9A1E7A4F7556}") = "SetStartDupes", "_Sgt-Imalas-Mods\SetStartDupes\SetStartDupes.csproj", "{6AFD893D-3D81-4A1E-9857-EC99D3F106C4}"
EndProject
Project("{9A19103F-16F7-4668-BE54-9A1E7A4F7556}") = "DailyRoutine", "_Sgt-Imalas-Mods\DailyRoutine\DailyRoutine.csproj", "{403DF048-A91F-4BCB-9DB1-AFB712E292D5}"
EndProject
Project("{9A19103F-16F7-4668-BE54-9A1E7A4F7556}") = "DupePodRailgun", "_Sgt-Imalas-Mods\DupePodRailgun\DupePodRailgun.csproj", "{A2386D26-8ED8-49E6-B798-FE58CB9EC155}"
EndProject
Project("{9A19103F-16F7-4668-BE54-9A1E7A4F7556}") = "StoreDreamJournals", "_Sgt-Imalas-Mods\StoreDreamJournals\StoreDreamJournals.csproj", "{C969069D-E336-4487-9B01-2BD856246C72}"
EndProject
Project("{9A19103F-16F7-4668-BE54-9A1E7A4F7556}") = "RotatableRadboltStorage", "_Sgt-Imalas-Mods\RotatableRadboltStorage\RotatableRadboltStorage.csproj", "{1BF5EEA9-D320-4D86-A1CC-CB08486EF2AD}"
EndProject
Project("{9A19103F-16F7-4668-BE54-9A1E7A4F7556}") = "WeebPacu", "_Sgt-Imalas-Mods\WeebPacu\WeebPacu.csproj", "{2379DE1F-1476-4832-AFC0-57D6AFD79DE1}"
EndProject
Project("{9A19103F-16F7-4668-BE54-9A1E7A4F7556}") = "AmogusMorb", "_Sgt-Imalas-Mods\AmogusMorb\AmogusMorb.csproj", "{5F7EE812-EDDC-4D4D-B5A8-E4E934244F44}"
EndProject
Project("{9A19103F-16F7-4668-BE54-9A1E7A4F7556}") = "MoveDupeHere", "_Sgt-Imalas-Mods\MoveDupeHere\MoveDupeHere.csproj", "{CED68AED-0D33-40AC-B916-D65232146B11}"
EndProject
Project("{9A19103F-16F7-4668-BE54-9A1E7A4F7556}") = "ConveyorTiles", "_Sgt-Imalas-Mods\ConveyorTiles\ConveyorTiles.csproj", "{5A0D20B1-1AB0-42D8-AEBA-50F7DC3F2DF9}"
EndProject
Project("{9A19103F-16F7-4668-BE54-9A1E7A4F7556}") = "LostContentTestingGround", "_Sgt-Imalas-Mods\ShockWormMob\LostContentTestingGround.csproj", "{2D1F531D-1F44-4AA7-9FAA-DDCA0668FCDD}"
EndProject
Project("{9A19103F-16F7-4668-BE54-9A1E7A4F7556}") = "CrittersShedFurOnBrush", "_Sgt-Imalas-Mods\CrittersShedFurOnBrush\CrittersShedFurOnBrush.csproj", "{CCF03C35-C1E0-4FB8-AC44-A572E915F47B}"
EndProject
Project("{9A19103F-16F7-4668-BE54-9A1E7A4F7556}") = "LightBridge", "_Sgt-Imalas-Mods\LightBridge\LightBridge.csproj", "{9FED2436-3145-42FD-BC60-3FF855FE1781}"
EndProject
Project("{9A19103F-16F7-4668-BE54-9A1E7A4F7556}") = "1_CycleComma", "1LineCrasher\1_CycleComma.csproj", "{1F037F3F-1961-48BD-9A89-BAC700BBB414}"
EndProject
Project("{9A19103F-16F7-4668-BE54-9A1E7A4F7556}") = "CrownMouldSkin", "_Sgt-Imalas-Mods\CrownMouldSkin\CrownMouldSkin.csproj", "{C30B56BB-8F06-4BCB-BE39-766383904E21}"
EndProject
Project("{9A19103F-16F7-4668-BE54-9A1E7A4F7556}") = "BawoonFwiend", "_Sgt-Imalas-Mods\BawoonFwiend\BawoonFwiend.csproj", "{ED80EDF1-7F8B-41F1-9960-382006C8069D}"
EndProject
Project("{9A19103F-16F7-4668-BE54-9A1E7A4F7556}") = "MineralizerReborn", "_Sgt-Imalas-Mods\MineralizerReborn\MineralizerReborn.csproj", "{74656A3F-06D3-409F-89D3-E662CA9166C0}"
EndProject
Project("{9A19103F-16F7-4668-BE54-9A1E7A4F7556}") = "CritterTraitsReborn", "_Sgt-Imalas-Mods\CritterTraitsReborn\CritterTraitsReborn.csproj", "{EA6B415D-0663-447B-A967-8DA5AEA331A2}"
EndProject
Project("{9A19103F-16F7-4668-BE54-9A1E7A4F7556}") = "DrywallPatternColours", "_Sgt-Imalas-Mods\DrywallPatternColours\DrywallPatternColours.csproj", "{6208D3D8-C9AE-4824-A4F9-2B8108187B6B}"
EndProject
Project("{9A19103F-16F7-4668-BE54-9A1E7A4F7556}") = "ClusterMapGenerationManager", "_Sgt-Imalas-Mods\ClusterTraitGenerationManager\ClusterMapGenerationManager.csproj", "{B23066FA-9664-4349-B246-46FBE774C680}"
EndProject
Project("{9A19103F-16F7-4668-BE54-9A1E7A4F7556}") = "ClaimNotification", "_Sgt-Imalas-Mods\ClaimNotification\ClaimNotification.csproj", "{2C7B059A-3E4A-44E5-BDEF-A6B13C8F9E11}"
EndProject
Project("{9A19103F-16F7-4668-BE54-9A1E7A4F7556}") = "MeteorMigration", "_Sgt-Imalas-Mods\MeteorMigration\MeteorMigration.csproj", "{C7D48C8F-D004-4C60-B8A2-9611892A07F2}"
EndProject
Project("{9A19103F-16F7-4668-BE54-9A1E7A4F7556}") = "NeutroniumTrashCan", "_Sgt-Imalas-Mods\NeutroniumTrashCan\NeutroniumTrashCan.csproj", "{56852580-6340-45FF-A918-1A4A1DDADA85}"
EndProject
Project("{9A19103F-16F7-4668-BE54-9A1E7A4F7556}") = "DupeTransportViaNetwork", "_Sgt-Imalas-Mods\DupeTransportViaNetwork\DupeTransportViaNetwork.csproj", "{A8EA023F-ACB1-4BD7-97CE-4CD22D779BEE}"
EndProject
Project("{9A19103F-16F7-4668-BE54-9A1E7A4F7556}") = "LaserMeteorBlasterCannon", "_Sgt-Imalas-Mods\LaserMeteorBlasterCannon\LaserMeteorBlasterCannon.csproj", "{FC48D983-3405-408D-AFDA-E77F6B8F4A5A}"
EndProject
Project("{9A19103F-16F7-4668-BE54-9A1E7A4F7556}") = "MeteorDrops", "_Sgt-Imalas-Mods\MeteorDrops\MeteorDrops.csproj", "{1F243FD7-C879-45F0-8214-F470346F7BC5}"
EndProject
Project("{9A19103F-16F7-4668-BE54-9A1E7A4F7556}") = "BetterCritterMorpher", "_Sgt-Imalas-Mods\BetterCritterMorpher\BetterCritterMorpher.csproj", "{09E612AF-330D-4D82-B121-7A5D8238B593}"
EndProject
Project("{9A19103F-16F7-4668-BE54-9A1E7A4F7556}") = "CustomGameSettingsModifier", "_Sgt-Imalas-Mods\CustomGameSettingsModifier\CustomGameSettingsModifier.csproj", "{B566130E-4FB9-4550-A2DB-00A1FE2A0525}"
EndProject
Project("{9A19103F-16F7-4668-BE54-9A1E7A4F7556}") = "DirtyBrine", "_Sgt-Imalas-Mods\DirtyBrine\DirtyBrine.csproj", "{3B9174A5-647B-400D-A996-82EC3FD98F91}"
EndProject
Project("{9A19103F-16F7-4668-BE54-9A1E7A4F7556}") = "SGTIM_NotificationManager", "_Sgt-Imalas-Mods\SGTIM_NotificationManager\SGTIM_NotificationManager.csproj", "{015F3844-DD84-46E4-90BF-1C1948229C2D}"
EndProject
Project("{9A19103F-16F7-4668-BE54-9A1E7A4F7556}") = "DupePrioPresetManager", "_Sgt-Imalas-Mods\DupePrioPresetManager\DupePrioPresetManager.csproj", "{C3614197-712C-462F-AD31-6930BE5627C3}"
EndProject
Project("{9A19103F-16F7-4668-BE54-9A1E7A4F7556}") = "BuildingToken", "_Sgt-Imalas-Mods\BuildingToken\BuildingToken.csproj", "{B1074224-1E07-4A5B-B187-1ACB6DC6A1C9}"
EndProject
Project("{9A19103F-16F7-4668-BE54-9A1E7A4F7556}") = "LitAF", "_Sgt-Imalas-Mods\LitAF\LitAF.csproj", "{A6C785FE-A07E-4C2A-9942-D4B51CBF3DAF}"
EndProject
Project("{9A19103F-16F7-4668-BE54-9A1E7A4F7556}") = "UL_UniversalLyzer", "_Sgt-Imalas-Mods\UL_UniversalLyzer\UL_UniversalLyzer.csproj", "{A6EC01CD-EC34-4618-A6CC-FB33AC200700}"
EndProject
Project("{9A19103F-16F7-4668-BE54-9A1E7A4F7556}") = "DebugButton", "_Sgt-Imalas-Mods\DebugButton\DebugButton.csproj", "{73457190-2AA0-496B-BE52-CD4DBA89C303}"
EndProject
Project("{9A19103F-16F7-4668-BE54-9A1E7A4F7556}") = "BiomeTrimsFixed", "_Sgt-Imalas-Mods\BiomeTrimsFixed\BiomeTrimsFixed.csproj", "{EFD5F74A-6E27-4F89-B7EF-028E91ED74F4}"
EndProject
Project("{9A19103F-16F7-4668-BE54-9A1E7A4F7556}") = "NeuralVaccilatorExpanded", "_Sgt-Imalas-Mods\NeuralVaccilatorExpanded\NeuralVaccilatorExpanded.csproj", "{8793A841-D0E6-46FE-B5AC-456EF004AA62}"
EndProject
Project("{9A19103F-16F7-4668-BE54-9A1E7A4F7556}") = "Util_TwitchIntegrationLib", "_Sgt-Imalas-Mods\Util_TwitchIntegrationLib\Util_TwitchIntegrationLib.csproj", "{71283410-EA3E-4DFD-B9D5-9CE9895F2C40}"
EndProject
Project("{9A19103F-16F7-4668-BE54-9A1E7A4F7556}") = "Imalas_TwitchChaosEvents", "_Sgt-Imalas-Mods\Imalas_TwitchChaosEvents\Imalas_TwitchChaosEvents.csproj", "{9DDA660B-8AAF-4125-A7DE-D4E9121157F8}"
EndProject
Project("{9A19103F-16F7-4668-BE54-9A1E7A4F7556}") = "RadOceanRevamp", "_Sgt-Imalas-Mods\RadOceanRevamp\RadOceanRevamp.csproj", "{A59AF28A-E7D9-444B-AEC4-F53967683E59}"
EndProject
Project("{9A19103F-16F7-4668-BE54-9A1E7A4F7556}") = "TileOfInterestOverlay", "_Sgt-Imalas-Mods\TileOfInterestOverlay\TileOfInterestOverlay.csproj", "{F42A0D64-D331-40FA-8C36-886E4EC5E656}"
EndProject
Project("{9A19103F-16F7-4668-BE54-9A1E7A4F7556}") = "OniRetroEdition", "_Sgt-Imalas-Mods\OniRetroEdition\OniRetroEdition.csproj", "{7327DAF2-86EB-43CD-904F-4AEB1A41F454}"
EndProject
Project("{9A19103F-16F7-4668-BE54-9A1E7A4F7556}") = "InvertedItemFilter", "_Sgt-Imalas-Mods\InvertedItemFilter\InvertedItemFilter.csproj", "{14F424C8-92F2-4098-AF87-6E33BFBD8857}"
EndProject
Project("{9A19103F-16F7-4668-BE54-9A1E7A4F7556}") = "ItemRailgun", "_Sgt-Imalas-Mods\SubPlanetaryTransport\ItemRailgun.csproj", "{C050C85A-4070-4781-A09B-7FD2D9F22F86}"
EndProject
Project("{9A19103F-16F7-4668-BE54-9A1E7A4F7556}") = "BrokenRocketInteriorPortFix", "_Sgt-Imalas-Mods\BrokenRocketInteriorPortFix\BrokenRocketInteriorPortFix.csproj", "{B6BC63AA-520E-46A9-BA10-DBB149BC0CB1}"
EndProject
Project("{9A19103F-16F7-4668-BE54-9A1E7A4F7556}") = "ChainedDeconFix", "_Sgt-Imalas-Mods\ChainedDeconFix\ChainedDeconFix.csproj", "{6BEA64D3-123A-49AF-8F47-B0D35704B740}"
EndProject
Project("{9A19103F-16F7-4668-BE54-9A1E7A4F7556}") = "DontDisableBlamedMods", "_Sgt-Imalas-Mods\DontBlameMods.cs\DontDisableBlamedMods.csproj", "{1E47F015-2763-47AD-A119-68EFCFE98BB5}"
EndProject
Project("{9A19103F-16F7-4668-BE54-9A1E7A4F7556}") = "DupeStations", "_Sgt-Imalas-Mods\DupeStations\DupeStations.csproj", "{5BC93DE9-0D30-433C-97EC-4A710FD86A1E}"
EndProject
Project("{9A19103F-16F7-4668-BE54-9A1E7A4F7556}") = "ReactorMeterFix", "_Sgt-Imalas-Mods\ReactorMeterFix\ReactorMeterFix.csproj", "{AF7DB29E-78BC-480B-87AB-9C6E62C3A9CF}"
EndProject
Project("{9A19103F-16F7-4668-BE54-9A1E7A4F7556}") = "UtilityGlass", "_Sgt-Imalas-Mods\UtilityGlass\UtilityGlass.csproj", "{CAABA07B-CBD1-49E7-9E8F-49375108CDA1}"
EndProject
Project("{9A19103F-16F7-4668-BE54-9A1E7A4F7556}") = "_WorldGenStateCapture", "_Sgt-Imalas-Mods\_WorldGenStateCapture\_WorldGenStateCapture.csproj", "{B74CE776-4827-47A2-8857-844A88C1C06F}"
EndProject
Project("{9A19103F-16F7-4668-BE54-9A1E7A4F7556}") = "SkillingQueue", "_Sgt-Imalas-Mods\SkillingQueue\SkillingQueue.csproj", "{53F96B37-8F33-4FE1-8A7F-A5D23DD0A44B}"
EndProject
Project("{9A19103F-16F7-4668-BE54-9A1E7A4F7556}") = "PaintYourPipes", "_Sgt-Imalas-Mods\PaintYourPipes\PaintYourPipes.csproj", "{D8C48804-9B82-42E7-8A0C-FC30163C7BFF}"
EndProject
Project("{9A19103F-16F7-4668-BE54-9A1E7A4F7556}") = "BathTub", "_Sgt-Imalas-Mods\BathTub\BathTub.csproj", "{71DE137F-E4A7-4AE3-B395-6F8036F09D84}"
EndProject
Project("{9A19103F-16F7-4668-BE54-9A1E7A4F7556}") = "SkinMeterTest", "_Sgt-Imalas-Mods\SkinMeterTest\SkinMeterTest.csproj", "{347433D6-BFE5-428C-8C1D-8A53CDED1A6B}"
EndProject
Project("{9A19103F-16F7-4668-BE54-9A1E7A4F7556}") = "CompressedCritters", "_Sgt-Imalas-Mods\CompressedCritters\CompressedCritters.csproj", "{9B2C46FB-19DF-4C18-863A-AD5D6131DF57}"
EndProject
Project("{9A19103F-16F7-4668-BE54-9A1E7A4F7556}") = "DuperyFixed", "_Sgt-Imalas-Mods\DuperyFixed\DuperyFixed.csproj", "{FF499E02-4EB5-4912-B574-F3952B9A3C47}"
EndProject
Project("{9A19103F-16F7-4668-BE54-9A1E7A4F7556}") = "WeebDupe", "_Sgt-Imalas-Mods\WeebDupe\WeebDupe.csproj", "{D8A73D7A-55C9-44C5-969E-7397EC7350D2}"
EndProject
Project("{9A19103F-16F7-4668-BE54-9A1E7A4F7556}") = "Cheese", "_Sgt-Imalas-Mods\Cheese\Cheese.csproj", "{19915F3D-9894-44C7-BF68-BC3955D43D0F}"
EndProject
Project("{9A19103F-16F7-4668-BE54-9A1E7A4F7556}") = "RebuildPreserve", "_Sgt-Imalas-Mods\RebuildPreserve\RebuildPreserve.csproj", "{32490DAC-271C-402A-A90E-91ABE9CAF8EF}"
EndProject
Project("{9A19103F-16F7-4668-BE54-9A1E7A4F7556}") = "SkillScreenCrashMitigation", "_Sgt-Imalas-Mods\SkillScreenCrashMitigation\SkillScreenCrashMitigation.csproj", "{1A383D59-AD69-4C08-9C04-50DAD9E6F1D5}"
EndProject
Project("{9A19103F-16F7-4668-BE54-9A1E7A4F7556}") = "AnimExportTool", "_Sgt-Imalas-Mods\AnimExportTool\AnimExportTool.csproj", "{97B1E1CC-3FA5-4BFF-8381-1DFACC9E7E9A}"
EndProject
Project("{9A19103F-16F7-4668-BE54-9A1E7A4F7556}") = "BlueprintsV2", "_Sgt-Imalas-Mods\BlueprintsV2\BlueprintsV2.csproj", "{6BA42FF5-8943-42EF-93F6-9EA7CA5A66C1}"
EndProject
Project("{9A19103F-16F7-4668-BE54-9A1E7A4F7556}") = "PedestalFilter", "_Sgt-Imalas-Mods\PedestalFilter\PedestalFilter.csproj", "{F8FFB8F7-BDC5-4D7F-B920-3780DB389A64}"
EndProject
Project("{9A19103F-16F7-4668-BE54-9A1E7A4F7556}") = "LogicRoomMassSensor", "_Sgt-Imalas-Mods\LogicRoomMassSensor\LogicRoomMassSensor.csproj", "{24A41A6E-E56F-4195-B873-16FA0446CD51}"
EndProject
Project("{9A19103F-16F7-4668-BE54-9A1E7A4F7556}") = "SkinEffects", "_Sgt-Imalas-Mods\SkinEffects\SkinEffects.csproj", "{2E65D336-3245-4B56-A1A1-769BADAEBDD0}"
EndProject
Project("{9A19103F-16F7-4668-BE54-9A1E7A4F7556}") = "ModPresetManager_Addon", "_Sgt-Imalas-Mods\ModProfileManager_Addon\ModPresetManager_Addon.csproj", "{50BAD491-4EE4-41F1-B93E-E6BA2785EBB8}"
EndProject
Project("{9A19103F-16F7-4668-BE54-9A1E7A4F7556}") = "MeteorShield", "_Sgt-Imalas-Mods\MeteorShield\MeteorShield.csproj", "{6DD6EE93-9AC0-4011-8CA3-35C1E02D938E}"
EndProject
Project("{2150E333-8FDC-42A3-9474-1A3956D46DE8}") = "_Sgt-Imalas-Mods", "_Sgt-Imalas-Mods", "{DF2C1A33-8F07-40F3-BE9F-113683D9BBC8}"
EndProject
Project("{2150E333-8FDC-42A3-9474-1A3956D46DE8}") = "_andr9528-Mods", "_andr9528-Mods", "{1186B31F-04F3-4DDC-8077-FBB1DAB3302B}"
EndProject
Project("{9A19103F-16F7-4668-BE54-9A1E7A4F7556}") = "TooMuchLogic", "_andr9528-Mods\TooMuchLogic\TooMuchLogic.csproj", "{59EABFB8-5C47-492D-88B6-252A3C6C4EE8}"
EndProject
Project("{9A19103F-16F7-4668-BE54-9A1E7A4F7556}") = "DlcSwapButton", "_Sgt-Imalas-Mods\DlcSwapButton\DlcSwapButton.csproj", "{19E3E492-032E-4228-AF52-078ACE32AF5C}"
EndProject
Project("{9A19103F-16F7-4668-BE54-9A1E7A4F7556}") = "DontCrashMyMods", "_Sgt-Imalas-Mods\DontCrashMyMods\DontCrashMyMods.csproj", "{036BB435-8148-41B5-BFAF-B70A903B3770}"
EndProject
Project("{9A19103F-16F7-4668-BE54-9A1E7A4F7556}") = "GoldHatch", "_Sgt-Imalas-Mods\GoldHatch\GoldHatch.csproj", "{D6BA8125-D114-4A32-931B-4D909129C5DE}"
EndProject
Project("{9A19103F-16F7-4668-BE54-9A1E7A4F7556}") = "GoodByeFrostByte", "_Sgt-Imalas-Mods\GoodByeFrostByte\GoodByeFrostByte.csproj", "{C96F2DB2-3373-41BD-88C8-8251028C691E}"
EndProject
Project("{9A19103F-16F7-4668-BE54-9A1E7A4F7556}") = "MassMoveTo", "_Sgt-Imalas-Mods\MassMoveTo\MassMoveTo.csproj", "{D969C6FC-DADD-4867-8226-94365A6631B8}"
EndProject
Project("{9A19103F-16F7-4668-BE54-9A1E7A4F7556}") = "StoragePiles", "_Sgt-Imalas-Mods\StoragePiles\StoragePiles.csproj", "{17A07EFE-86F1-47CA-B3F7-091ABA898C9E}"
EndProject
Project("{FAE04EC0-301F-11D3-BF4B-00C04F79EFBC}") = "Utilities", "_andr9528-Mods\Utilities\Utilities.csproj", "{2F063486-4F7C-4986-832C-7C51FA45D86A}"
EndProject
Global
	GlobalSection(SolutionConfigurationPlatforms) = preSolution
		Debug|Any CPU = Debug|Any CPU
		Release|Any CPU = Release|Any CPU
		Release2|Any CPU = Release2|Any CPU
	EndGlobalSection
	GlobalSection(ProjectConfigurationPlatforms) = postSolution
		{AAA43DBC-7B67-4027-B615-4289936FB99C}.Debug|Any CPU.ActiveCfg = Debug|Any CPU
		{AAA43DBC-7B67-4027-B615-4289936FB99C}.Debug|Any CPU.Build.0 = Debug|Any CPU
		{AAA43DBC-7B67-4027-B615-4289936FB99C}.Release|Any CPU.ActiveCfg = Release|Any CPU
		{AAA43DBC-7B67-4027-B615-4289936FB99C}.Release|Any CPU.Build.0 = Release|Any CPU
		{AAA43DBC-7B67-4027-B615-4289936FB99C}.Release2|Any CPU.ActiveCfg = Release|Any CPU
		{BFA3D6B9-F435-448E-B1A0-0D33F944CEB3}.Debug|Any CPU.ActiveCfg = Debug|Any CPU
		{BFA3D6B9-F435-448E-B1A0-0D33F944CEB3}.Debug|Any CPU.Build.0 = Debug|Any CPU
		{BFA3D6B9-F435-448E-B1A0-0D33F944CEB3}.Release|Any CPU.ActiveCfg = Release|Any CPU
		{BFA3D6B9-F435-448E-B1A0-0D33F944CEB3}.Release|Any CPU.Build.0 = Release|Any CPU
		{BFA3D6B9-F435-448E-B1A0-0D33F944CEB3}.Release2|Any CPU.ActiveCfg = Release|Any CPU
		{27578E2C-D7D3-4A01-94C1-58F72668471C}.Debug|Any CPU.ActiveCfg = Debug|Any CPU
		{27578E2C-D7D3-4A01-94C1-58F72668471C}.Debug|Any CPU.Build.0 = Debug|Any CPU
		{27578E2C-D7D3-4A01-94C1-58F72668471C}.Release|Any CPU.ActiveCfg = Release|Any CPU
		{27578E2C-D7D3-4A01-94C1-58F72668471C}.Release|Any CPU.Build.0 = Release|Any CPU
		{27578E2C-D7D3-4A01-94C1-58F72668471C}.Release2|Any CPU.ActiveCfg = Release|Any CPU
		{27578E2C-D7D3-4A01-94C1-58F72668471C}.Release2|Any CPU.Build.0 = Release|Any CPU
		{784D7585-0768-4D16-8534-FC8891A28E04}.Debug|Any CPU.ActiveCfg = Debug|Any CPU
		{784D7585-0768-4D16-8534-FC8891A28E04}.Debug|Any CPU.Build.0 = Debug|Any CPU
		{784D7585-0768-4D16-8534-FC8891A28E04}.Release|Any CPU.ActiveCfg = Release|Any CPU
		{784D7585-0768-4D16-8534-FC8891A28E04}.Release|Any CPU.Build.0 = Release|Any CPU
		{784D7585-0768-4D16-8534-FC8891A28E04}.Release2|Any CPU.ActiveCfg = Release|Any CPU
		{784D7585-0768-4D16-8534-FC8891A28E04}.Release2|Any CPU.Build.0 = Release|Any CPU
		{F25316D9-C3B0-4FBE-B112-4952336D4A07}.Debug|Any CPU.ActiveCfg = Debug|Any CPU
		{F25316D9-C3B0-4FBE-B112-4952336D4A07}.Debug|Any CPU.Build.0 = Debug|Any CPU
		{F25316D9-C3B0-4FBE-B112-4952336D4A07}.Release|Any CPU.ActiveCfg = Release|Any CPU
		{F25316D9-C3B0-4FBE-B112-4952336D4A07}.Release|Any CPU.Build.0 = Release|Any CPU
		{F25316D9-C3B0-4FBE-B112-4952336D4A07}.Release2|Any CPU.ActiveCfg = Release|Any CPU
		{F25316D9-C3B0-4FBE-B112-4952336D4A07}.Release2|Any CPU.Build.0 = Release|Any CPU
		{7F120EDF-5E97-4962-8A0A-1D96E654BF8F}.Debug|Any CPU.ActiveCfg = Debug|Any CPU
		{7F120EDF-5E97-4962-8A0A-1D96E654BF8F}.Debug|Any CPU.Build.0 = Debug|Any CPU
		{7F120EDF-5E97-4962-8A0A-1D96E654BF8F}.Release|Any CPU.ActiveCfg = Release|Any CPU
		{7F120EDF-5E97-4962-8A0A-1D96E654BF8F}.Release|Any CPU.Build.0 = Release|Any CPU
		{7F120EDF-5E97-4962-8A0A-1D96E654BF8F}.Release2|Any CPU.ActiveCfg = Release|Any CPU
		{7F120EDF-5E97-4962-8A0A-1D96E654BF8F}.Release2|Any CPU.Build.0 = Release|Any CPU
		{F7AC93F7-8808-4677-A547-5BD90FF17290}.Debug|Any CPU.ActiveCfg = Debug|Any CPU
		{F7AC93F7-8808-4677-A547-5BD90FF17290}.Debug|Any CPU.Build.0 = Debug|Any CPU
		{F7AC93F7-8808-4677-A547-5BD90FF17290}.Release|Any CPU.ActiveCfg = Release|Any CPU
		{F7AC93F7-8808-4677-A547-5BD90FF17290}.Release|Any CPU.Build.0 = Release|Any CPU
		{F7AC93F7-8808-4677-A547-5BD90FF17290}.Release2|Any CPU.ActiveCfg = Release|Any CPU
		{F7AC93F7-8808-4677-A547-5BD90FF17290}.Release2|Any CPU.Build.0 = Release|Any CPU
		{BA44B3B4-DB2A-4378-9C0A-F91ECCB8FA37}.Debug|Any CPU.ActiveCfg = Debug|Any CPU
		{BA44B3B4-DB2A-4378-9C0A-F91ECCB8FA37}.Debug|Any CPU.Build.0 = Debug|Any CPU
		{BA44B3B4-DB2A-4378-9C0A-F91ECCB8FA37}.Release|Any CPU.ActiveCfg = Release|Any CPU
		{BA44B3B4-DB2A-4378-9C0A-F91ECCB8FA37}.Release|Any CPU.Build.0 = Release|Any CPU
		{BA44B3B4-DB2A-4378-9C0A-F91ECCB8FA37}.Release2|Any CPU.ActiveCfg = Release|Any CPU
		{BA44B3B4-DB2A-4378-9C0A-F91ECCB8FA37}.Release2|Any CPU.Build.0 = Release|Any CPU
		{561C0258-9610-4110-85FC-91810F54AA49}.Debug|Any CPU.ActiveCfg = Debug|Any CPU
		{561C0258-9610-4110-85FC-91810F54AA49}.Debug|Any CPU.Build.0 = Debug|Any CPU
		{561C0258-9610-4110-85FC-91810F54AA49}.Release|Any CPU.ActiveCfg = Release|Any CPU
		{561C0258-9610-4110-85FC-91810F54AA49}.Release|Any CPU.Build.0 = Release|Any CPU
		{561C0258-9610-4110-85FC-91810F54AA49}.Release2|Any CPU.ActiveCfg = Release|Any CPU
		{561C0258-9610-4110-85FC-91810F54AA49}.Release2|Any CPU.Build.0 = Release|Any CPU
		{ED0AEDB8-8A03-45AE-8E61-71E7CA1EBCC6}.Debug|Any CPU.ActiveCfg = Debug|Any CPU
		{ED0AEDB8-8A03-45AE-8E61-71E7CA1EBCC6}.Debug|Any CPU.Build.0 = Debug|Any CPU
		{ED0AEDB8-8A03-45AE-8E61-71E7CA1EBCC6}.Release|Any CPU.ActiveCfg = Release|Any CPU
		{ED0AEDB8-8A03-45AE-8E61-71E7CA1EBCC6}.Release|Any CPU.Build.0 = Release|Any CPU
		{ED0AEDB8-8A03-45AE-8E61-71E7CA1EBCC6}.Release2|Any CPU.ActiveCfg = Release|Any CPU
		{ED0AEDB8-8A03-45AE-8E61-71E7CA1EBCC6}.Release2|Any CPU.Build.0 = Release|Any CPU
		{6AFD893D-3D81-4A1E-9857-EC99D3F106C4}.Debug|Any CPU.ActiveCfg = Debug|Any CPU
		{6AFD893D-3D81-4A1E-9857-EC99D3F106C4}.Debug|Any CPU.Build.0 = Debug|Any CPU
		{6AFD893D-3D81-4A1E-9857-EC99D3F106C4}.Release|Any CPU.ActiveCfg = Release|Any CPU
		{6AFD893D-3D81-4A1E-9857-EC99D3F106C4}.Release|Any CPU.Build.0 = Release|Any CPU
		{6AFD893D-3D81-4A1E-9857-EC99D3F106C4}.Release2|Any CPU.ActiveCfg = Release|Any CPU
		{6AFD893D-3D81-4A1E-9857-EC99D3F106C4}.Release2|Any CPU.Build.0 = Release|Any CPU
		{403DF048-A91F-4BCB-9DB1-AFB712E292D5}.Debug|Any CPU.ActiveCfg = Debug|Any CPU
		{403DF048-A91F-4BCB-9DB1-AFB712E292D5}.Debug|Any CPU.Build.0 = Debug|Any CPU
		{403DF048-A91F-4BCB-9DB1-AFB712E292D5}.Release|Any CPU.ActiveCfg = Release|Any CPU
		{403DF048-A91F-4BCB-9DB1-AFB712E292D5}.Release|Any CPU.Build.0 = Release|Any CPU
		{403DF048-A91F-4BCB-9DB1-AFB712E292D5}.Release2|Any CPU.ActiveCfg = Release|Any CPU
		{403DF048-A91F-4BCB-9DB1-AFB712E292D5}.Release2|Any CPU.Build.0 = Release|Any CPU
		{A2386D26-8ED8-49E6-B798-FE58CB9EC155}.Debug|Any CPU.ActiveCfg = Debug|Any CPU
		{A2386D26-8ED8-49E6-B798-FE58CB9EC155}.Debug|Any CPU.Build.0 = Debug|Any CPU
		{A2386D26-8ED8-49E6-B798-FE58CB9EC155}.Release|Any CPU.ActiveCfg = Release|Any CPU
		{A2386D26-8ED8-49E6-B798-FE58CB9EC155}.Release|Any CPU.Build.0 = Release|Any CPU
		{A2386D26-8ED8-49E6-B798-FE58CB9EC155}.Release2|Any CPU.ActiveCfg = Release|Any CPU
		{A2386D26-8ED8-49E6-B798-FE58CB9EC155}.Release2|Any CPU.Build.0 = Release|Any CPU
		{C969069D-E336-4487-9B01-2BD856246C72}.Debug|Any CPU.ActiveCfg = Debug|Any CPU
		{C969069D-E336-4487-9B01-2BD856246C72}.Debug|Any CPU.Build.0 = Debug|Any CPU
		{C969069D-E336-4487-9B01-2BD856246C72}.Release|Any CPU.ActiveCfg = Release|Any CPU
		{C969069D-E336-4487-9B01-2BD856246C72}.Release|Any CPU.Build.0 = Release|Any CPU
		{C969069D-E336-4487-9B01-2BD856246C72}.Release2|Any CPU.ActiveCfg = Release|Any CPU
		{C969069D-E336-4487-9B01-2BD856246C72}.Release2|Any CPU.Build.0 = Release|Any CPU
		{1BF5EEA9-D320-4D86-A1CC-CB08486EF2AD}.Debug|Any CPU.ActiveCfg = Debug|Any CPU
		{1BF5EEA9-D320-4D86-A1CC-CB08486EF2AD}.Debug|Any CPU.Build.0 = Debug|Any CPU
		{1BF5EEA9-D320-4D86-A1CC-CB08486EF2AD}.Release|Any CPU.ActiveCfg = Release|Any CPU
		{1BF5EEA9-D320-4D86-A1CC-CB08486EF2AD}.Release|Any CPU.Build.0 = Release|Any CPU
		{1BF5EEA9-D320-4D86-A1CC-CB08486EF2AD}.Release2|Any CPU.ActiveCfg = Release|Any CPU
		{1BF5EEA9-D320-4D86-A1CC-CB08486EF2AD}.Release2|Any CPU.Build.0 = Release|Any CPU
		{2379DE1F-1476-4832-AFC0-57D6AFD79DE1}.Debug|Any CPU.ActiveCfg = Debug|Any CPU
		{2379DE1F-1476-4832-AFC0-57D6AFD79DE1}.Debug|Any CPU.Build.0 = Debug|Any CPU
		{2379DE1F-1476-4832-AFC0-57D6AFD79DE1}.Release|Any CPU.ActiveCfg = Release|Any CPU
		{2379DE1F-1476-4832-AFC0-57D6AFD79DE1}.Release|Any CPU.Build.0 = Release|Any CPU
		{2379DE1F-1476-4832-AFC0-57D6AFD79DE1}.Release2|Any CPU.ActiveCfg = Release|Any CPU
		{2379DE1F-1476-4832-AFC0-57D6AFD79DE1}.Release2|Any CPU.Build.0 = Release|Any CPU
		{5F7EE812-EDDC-4D4D-B5A8-E4E934244F44}.Debug|Any CPU.ActiveCfg = Debug|Any CPU
		{5F7EE812-EDDC-4D4D-B5A8-E4E934244F44}.Debug|Any CPU.Build.0 = Debug|Any CPU
		{5F7EE812-EDDC-4D4D-B5A8-E4E934244F44}.Release|Any CPU.ActiveCfg = Release|Any CPU
		{5F7EE812-EDDC-4D4D-B5A8-E4E934244F44}.Release|Any CPU.Build.0 = Release|Any CPU
		{5F7EE812-EDDC-4D4D-B5A8-E4E934244F44}.Release2|Any CPU.ActiveCfg = Release|Any CPU
		{5F7EE812-EDDC-4D4D-B5A8-E4E934244F44}.Release2|Any CPU.Build.0 = Release|Any CPU
		{CED68AED-0D33-40AC-B916-D65232146B11}.Debug|Any CPU.ActiveCfg = Debug|Any CPU
		{CED68AED-0D33-40AC-B916-D65232146B11}.Debug|Any CPU.Build.0 = Debug|Any CPU
		{CED68AED-0D33-40AC-B916-D65232146B11}.Release|Any CPU.ActiveCfg = Release|Any CPU
		{CED68AED-0D33-40AC-B916-D65232146B11}.Release|Any CPU.Build.0 = Release|Any CPU
		{CED68AED-0D33-40AC-B916-D65232146B11}.Release2|Any CPU.ActiveCfg = Release|Any CPU
		{CED68AED-0D33-40AC-B916-D65232146B11}.Release2|Any CPU.Build.0 = Release|Any CPU
		{5A0D20B1-1AB0-42D8-AEBA-50F7DC3F2DF9}.Debug|Any CPU.ActiveCfg = Debug|Any CPU
		{5A0D20B1-1AB0-42D8-AEBA-50F7DC3F2DF9}.Debug|Any CPU.Build.0 = Debug|Any CPU
		{5A0D20B1-1AB0-42D8-AEBA-50F7DC3F2DF9}.Release|Any CPU.ActiveCfg = Release|Any CPU
		{5A0D20B1-1AB0-42D8-AEBA-50F7DC3F2DF9}.Release|Any CPU.Build.0 = Release|Any CPU
		{5A0D20B1-1AB0-42D8-AEBA-50F7DC3F2DF9}.Release2|Any CPU.ActiveCfg = Release|Any CPU
		{5A0D20B1-1AB0-42D8-AEBA-50F7DC3F2DF9}.Release2|Any CPU.Build.0 = Release|Any CPU
		{2D1F531D-1F44-4AA7-9FAA-DDCA0668FCDD}.Debug|Any CPU.ActiveCfg = Debug|Any CPU
		{2D1F531D-1F44-4AA7-9FAA-DDCA0668FCDD}.Debug|Any CPU.Build.0 = Debug|Any CPU
		{2D1F531D-1F44-4AA7-9FAA-DDCA0668FCDD}.Release|Any CPU.ActiveCfg = Release|Any CPU
		{2D1F531D-1F44-4AA7-9FAA-DDCA0668FCDD}.Release|Any CPU.Build.0 = Release|Any CPU
		{2D1F531D-1F44-4AA7-9FAA-DDCA0668FCDD}.Release2|Any CPU.ActiveCfg = Release|Any CPU
		{2D1F531D-1F44-4AA7-9FAA-DDCA0668FCDD}.Release2|Any CPU.Build.0 = Release|Any CPU
		{CCF03C35-C1E0-4FB8-AC44-A572E915F47B}.Debug|Any CPU.ActiveCfg = Debug|Any CPU
		{CCF03C35-C1E0-4FB8-AC44-A572E915F47B}.Debug|Any CPU.Build.0 = Debug|Any CPU
		{CCF03C35-C1E0-4FB8-AC44-A572E915F47B}.Release|Any CPU.ActiveCfg = Release|Any CPU
		{CCF03C35-C1E0-4FB8-AC44-A572E915F47B}.Release|Any CPU.Build.0 = Release|Any CPU
		{CCF03C35-C1E0-4FB8-AC44-A572E915F47B}.Release2|Any CPU.ActiveCfg = Release|Any CPU
		{CCF03C35-C1E0-4FB8-AC44-A572E915F47B}.Release2|Any CPU.Build.0 = Release|Any CPU
		{9FED2436-3145-42FD-BC60-3FF855FE1781}.Debug|Any CPU.ActiveCfg = Debug|Any CPU
		{9FED2436-3145-42FD-BC60-3FF855FE1781}.Debug|Any CPU.Build.0 = Debug|Any CPU
		{9FED2436-3145-42FD-BC60-3FF855FE1781}.Release|Any CPU.ActiveCfg = Release|Any CPU
		{9FED2436-3145-42FD-BC60-3FF855FE1781}.Release|Any CPU.Build.0 = Release|Any CPU
		{9FED2436-3145-42FD-BC60-3FF855FE1781}.Release2|Any CPU.ActiveCfg = Release|Any CPU
		{9FED2436-3145-42FD-BC60-3FF855FE1781}.Release2|Any CPU.Build.0 = Release|Any CPU
		{1F037F3F-1961-48BD-9A89-BAC700BBB414}.Debug|Any CPU.ActiveCfg = Debug|Any CPU
		{1F037F3F-1961-48BD-9A89-BAC700BBB414}.Debug|Any CPU.Build.0 = Debug|Any CPU
		{1F037F3F-1961-48BD-9A89-BAC700BBB414}.Release|Any CPU.ActiveCfg = Release|Any CPU
		{1F037F3F-1961-48BD-9A89-BAC700BBB414}.Release|Any CPU.Build.0 = Release|Any CPU
		{1F037F3F-1961-48BD-9A89-BAC700BBB414}.Release2|Any CPU.ActiveCfg = Release|Any CPU
		{1F037F3F-1961-48BD-9A89-BAC700BBB414}.Release2|Any CPU.Build.0 = Release|Any CPU
		{C30B56BB-8F06-4BCB-BE39-766383904E21}.Debug|Any CPU.ActiveCfg = Debug|Any CPU
		{C30B56BB-8F06-4BCB-BE39-766383904E21}.Debug|Any CPU.Build.0 = Debug|Any CPU
		{C30B56BB-8F06-4BCB-BE39-766383904E21}.Release|Any CPU.ActiveCfg = Release|Any CPU
		{C30B56BB-8F06-4BCB-BE39-766383904E21}.Release|Any CPU.Build.0 = Release|Any CPU
		{C30B56BB-8F06-4BCB-BE39-766383904E21}.Release2|Any CPU.ActiveCfg = Release|Any CPU
		{C30B56BB-8F06-4BCB-BE39-766383904E21}.Release2|Any CPU.Build.0 = Release|Any CPU
		{ED80EDF1-7F8B-41F1-9960-382006C8069D}.Debug|Any CPU.ActiveCfg = Debug|Any CPU
		{ED80EDF1-7F8B-41F1-9960-382006C8069D}.Debug|Any CPU.Build.0 = Debug|Any CPU
		{ED80EDF1-7F8B-41F1-9960-382006C8069D}.Release|Any CPU.ActiveCfg = Release|Any CPU
		{ED80EDF1-7F8B-41F1-9960-382006C8069D}.Release|Any CPU.Build.0 = Release|Any CPU
		{ED80EDF1-7F8B-41F1-9960-382006C8069D}.Release2|Any CPU.ActiveCfg = Release|Any CPU
		{ED80EDF1-7F8B-41F1-9960-382006C8069D}.Release2|Any CPU.Build.0 = Release|Any CPU
		{74656A3F-06D3-409F-89D3-E662CA9166C0}.Debug|Any CPU.ActiveCfg = Debug|Any CPU
		{74656A3F-06D3-409F-89D3-E662CA9166C0}.Debug|Any CPU.Build.0 = Debug|Any CPU
		{74656A3F-06D3-409F-89D3-E662CA9166C0}.Release|Any CPU.ActiveCfg = Release|Any CPU
		{74656A3F-06D3-409F-89D3-E662CA9166C0}.Release|Any CPU.Build.0 = Release|Any CPU
		{74656A3F-06D3-409F-89D3-E662CA9166C0}.Release2|Any CPU.ActiveCfg = Release|Any CPU
		{74656A3F-06D3-409F-89D3-E662CA9166C0}.Release2|Any CPU.Build.0 = Release|Any CPU
		{EA6B415D-0663-447B-A967-8DA5AEA331A2}.Debug|Any CPU.ActiveCfg = Debug|Any CPU
		{EA6B415D-0663-447B-A967-8DA5AEA331A2}.Debug|Any CPU.Build.0 = Debug|Any CPU
		{EA6B415D-0663-447B-A967-8DA5AEA331A2}.Release|Any CPU.ActiveCfg = Release|Any CPU
		{EA6B415D-0663-447B-A967-8DA5AEA331A2}.Release|Any CPU.Build.0 = Release|Any CPU
		{EA6B415D-0663-447B-A967-8DA5AEA331A2}.Release2|Any CPU.ActiveCfg = Release|Any CPU
		{EA6B415D-0663-447B-A967-8DA5AEA331A2}.Release2|Any CPU.Build.0 = Release|Any CPU
		{6208D3D8-C9AE-4824-A4F9-2B8108187B6B}.Debug|Any CPU.ActiveCfg = Debug|Any CPU
		{6208D3D8-C9AE-4824-A4F9-2B8108187B6B}.Debug|Any CPU.Build.0 = Debug|Any CPU
		{6208D3D8-C9AE-4824-A4F9-2B8108187B6B}.Release|Any CPU.ActiveCfg = Release|Any CPU
		{6208D3D8-C9AE-4824-A4F9-2B8108187B6B}.Release|Any CPU.Build.0 = Release|Any CPU
		{6208D3D8-C9AE-4824-A4F9-2B8108187B6B}.Release2|Any CPU.ActiveCfg = Release|Any CPU
		{6208D3D8-C9AE-4824-A4F9-2B8108187B6B}.Release2|Any CPU.Build.0 = Release|Any CPU
		{B23066FA-9664-4349-B246-46FBE774C680}.Debug|Any CPU.ActiveCfg = Debug|Any CPU
		{B23066FA-9664-4349-B246-46FBE774C680}.Debug|Any CPU.Build.0 = Debug|Any CPU
		{B23066FA-9664-4349-B246-46FBE774C680}.Release|Any CPU.ActiveCfg = Release|Any CPU
		{B23066FA-9664-4349-B246-46FBE774C680}.Release|Any CPU.Build.0 = Release|Any CPU
		{B23066FA-9664-4349-B246-46FBE774C680}.Release2|Any CPU.ActiveCfg = Release|Any CPU
		{B23066FA-9664-4349-B246-46FBE774C680}.Release2|Any CPU.Build.0 = Release|Any CPU
		{2C7B059A-3E4A-44E5-BDEF-A6B13C8F9E11}.Debug|Any CPU.ActiveCfg = Debug|Any CPU
		{2C7B059A-3E4A-44E5-BDEF-A6B13C8F9E11}.Debug|Any CPU.Build.0 = Debug|Any CPU
		{2C7B059A-3E4A-44E5-BDEF-A6B13C8F9E11}.Release|Any CPU.ActiveCfg = Release|Any CPU
		{2C7B059A-3E4A-44E5-BDEF-A6B13C8F9E11}.Release|Any CPU.Build.0 = Release|Any CPU
		{2C7B059A-3E4A-44E5-BDEF-A6B13C8F9E11}.Release2|Any CPU.ActiveCfg = Release|Any CPU
		{2C7B059A-3E4A-44E5-BDEF-A6B13C8F9E11}.Release2|Any CPU.Build.0 = Release|Any CPU
		{C7D48C8F-D004-4C60-B8A2-9611892A07F2}.Debug|Any CPU.ActiveCfg = Debug|Any CPU
		{C7D48C8F-D004-4C60-B8A2-9611892A07F2}.Debug|Any CPU.Build.0 = Debug|Any CPU
		{C7D48C8F-D004-4C60-B8A2-9611892A07F2}.Release|Any CPU.ActiveCfg = Release|Any CPU
		{C7D48C8F-D004-4C60-B8A2-9611892A07F2}.Release|Any CPU.Build.0 = Release|Any CPU
		{C7D48C8F-D004-4C60-B8A2-9611892A07F2}.Release2|Any CPU.ActiveCfg = Release|Any CPU
		{C7D48C8F-D004-4C60-B8A2-9611892A07F2}.Release2|Any CPU.Build.0 = Release|Any CPU
		{56852580-6340-45FF-A918-1A4A1DDADA85}.Debug|Any CPU.ActiveCfg = Debug|Any CPU
		{56852580-6340-45FF-A918-1A4A1DDADA85}.Debug|Any CPU.Build.0 = Debug|Any CPU
		{56852580-6340-45FF-A918-1A4A1DDADA85}.Release|Any CPU.ActiveCfg = Release|Any CPU
		{56852580-6340-45FF-A918-1A4A1DDADA85}.Release|Any CPU.Build.0 = Release|Any CPU
		{56852580-6340-45FF-A918-1A4A1DDADA85}.Release2|Any CPU.ActiveCfg = Release|Any CPU
		{56852580-6340-45FF-A918-1A4A1DDADA85}.Release2|Any CPU.Build.0 = Release|Any CPU
		{A8EA023F-ACB1-4BD7-97CE-4CD22D779BEE}.Debug|Any CPU.ActiveCfg = Debug|Any CPU
		{A8EA023F-ACB1-4BD7-97CE-4CD22D779BEE}.Debug|Any CPU.Build.0 = Debug|Any CPU
		{A8EA023F-ACB1-4BD7-97CE-4CD22D779BEE}.Release|Any CPU.ActiveCfg = Release|Any CPU
		{A8EA023F-ACB1-4BD7-97CE-4CD22D779BEE}.Release|Any CPU.Build.0 = Release|Any CPU
		{A8EA023F-ACB1-4BD7-97CE-4CD22D779BEE}.Release2|Any CPU.ActiveCfg = Release|Any CPU
		{A8EA023F-ACB1-4BD7-97CE-4CD22D779BEE}.Release2|Any CPU.Build.0 = Release|Any CPU
		{FC48D983-3405-408D-AFDA-E77F6B8F4A5A}.Debug|Any CPU.ActiveCfg = Debug|Any CPU
		{FC48D983-3405-408D-AFDA-E77F6B8F4A5A}.Debug|Any CPU.Build.0 = Debug|Any CPU
		{FC48D983-3405-408D-AFDA-E77F6B8F4A5A}.Release|Any CPU.ActiveCfg = Release|Any CPU
		{FC48D983-3405-408D-AFDA-E77F6B8F4A5A}.Release|Any CPU.Build.0 = Release|Any CPU
		{FC48D983-3405-408D-AFDA-E77F6B8F4A5A}.Release2|Any CPU.ActiveCfg = Release|Any CPU
		{FC48D983-3405-408D-AFDA-E77F6B8F4A5A}.Release2|Any CPU.Build.0 = Release|Any CPU
		{1F243FD7-C879-45F0-8214-F470346F7BC5}.Debug|Any CPU.ActiveCfg = Debug|Any CPU
		{1F243FD7-C879-45F0-8214-F470346F7BC5}.Debug|Any CPU.Build.0 = Debug|Any CPU
		{1F243FD7-C879-45F0-8214-F470346F7BC5}.Release|Any CPU.ActiveCfg = Release|Any CPU
		{1F243FD7-C879-45F0-8214-F470346F7BC5}.Release|Any CPU.Build.0 = Release|Any CPU
		{1F243FD7-C879-45F0-8214-F470346F7BC5}.Release2|Any CPU.ActiveCfg = Release|Any CPU
		{1F243FD7-C879-45F0-8214-F470346F7BC5}.Release2|Any CPU.Build.0 = Release|Any CPU
		{09E612AF-330D-4D82-B121-7A5D8238B593}.Debug|Any CPU.ActiveCfg = Debug|Any CPU
		{09E612AF-330D-4D82-B121-7A5D8238B593}.Debug|Any CPU.Build.0 = Debug|Any CPU
		{09E612AF-330D-4D82-B121-7A5D8238B593}.Release|Any CPU.ActiveCfg = Release|Any CPU
		{09E612AF-330D-4D82-B121-7A5D8238B593}.Release|Any CPU.Build.0 = Release|Any CPU
		{09E612AF-330D-4D82-B121-7A5D8238B593}.Release2|Any CPU.ActiveCfg = Release|Any CPU
		{09E612AF-330D-4D82-B121-7A5D8238B593}.Release2|Any CPU.Build.0 = Release|Any CPU
		{B566130E-4FB9-4550-A2DB-00A1FE2A0525}.Debug|Any CPU.ActiveCfg = Debug|Any CPU
		{B566130E-4FB9-4550-A2DB-00A1FE2A0525}.Debug|Any CPU.Build.0 = Debug|Any CPU
		{B566130E-4FB9-4550-A2DB-00A1FE2A0525}.Release|Any CPU.ActiveCfg = Release|Any CPU
		{B566130E-4FB9-4550-A2DB-00A1FE2A0525}.Release|Any CPU.Build.0 = Release|Any CPU
		{B566130E-4FB9-4550-A2DB-00A1FE2A0525}.Release2|Any CPU.ActiveCfg = Release|Any CPU
		{B566130E-4FB9-4550-A2DB-00A1FE2A0525}.Release2|Any CPU.Build.0 = Release|Any CPU
		{3B9174A5-647B-400D-A996-82EC3FD98F91}.Debug|Any CPU.ActiveCfg = Debug|Any CPU
		{3B9174A5-647B-400D-A996-82EC3FD98F91}.Debug|Any CPU.Build.0 = Debug|Any CPU
		{3B9174A5-647B-400D-A996-82EC3FD98F91}.Release|Any CPU.ActiveCfg = Release|Any CPU
		{3B9174A5-647B-400D-A996-82EC3FD98F91}.Release|Any CPU.Build.0 = Release|Any CPU
		{3B9174A5-647B-400D-A996-82EC3FD98F91}.Release2|Any CPU.ActiveCfg = Release|Any CPU
		{3B9174A5-647B-400D-A996-82EC3FD98F91}.Release2|Any CPU.Build.0 = Release|Any CPU
		{015F3844-DD84-46E4-90BF-1C1948229C2D}.Debug|Any CPU.ActiveCfg = Debug|Any CPU
		{015F3844-DD84-46E4-90BF-1C1948229C2D}.Debug|Any CPU.Build.0 = Debug|Any CPU
		{015F3844-DD84-46E4-90BF-1C1948229C2D}.Release|Any CPU.ActiveCfg = Release|Any CPU
		{015F3844-DD84-46E4-90BF-1C1948229C2D}.Release|Any CPU.Build.0 = Release|Any CPU
		{015F3844-DD84-46E4-90BF-1C1948229C2D}.Release2|Any CPU.ActiveCfg = Release|Any CPU
		{015F3844-DD84-46E4-90BF-1C1948229C2D}.Release2|Any CPU.Build.0 = Release|Any CPU
		{C3614197-712C-462F-AD31-6930BE5627C3}.Debug|Any CPU.ActiveCfg = Debug|Any CPU
		{C3614197-712C-462F-AD31-6930BE5627C3}.Debug|Any CPU.Build.0 = Debug|Any CPU
		{C3614197-712C-462F-AD31-6930BE5627C3}.Release|Any CPU.ActiveCfg = Release|Any CPU
		{C3614197-712C-462F-AD31-6930BE5627C3}.Release|Any CPU.Build.0 = Release|Any CPU
		{C3614197-712C-462F-AD31-6930BE5627C3}.Release2|Any CPU.ActiveCfg = Release|Any CPU
		{C3614197-712C-462F-AD31-6930BE5627C3}.Release2|Any CPU.Build.0 = Release|Any CPU
		{B1074224-1E07-4A5B-B187-1ACB6DC6A1C9}.Debug|Any CPU.ActiveCfg = Debug|Any CPU
		{B1074224-1E07-4A5B-B187-1ACB6DC6A1C9}.Debug|Any CPU.Build.0 = Debug|Any CPU
		{B1074224-1E07-4A5B-B187-1ACB6DC6A1C9}.Release|Any CPU.ActiveCfg = Release|Any CPU
		{B1074224-1E07-4A5B-B187-1ACB6DC6A1C9}.Release|Any CPU.Build.0 = Release|Any CPU
		{B1074224-1E07-4A5B-B187-1ACB6DC6A1C9}.Release2|Any CPU.ActiveCfg = Release|Any CPU
		{B1074224-1E07-4A5B-B187-1ACB6DC6A1C9}.Release2|Any CPU.Build.0 = Release|Any CPU
		{A6C785FE-A07E-4C2A-9942-D4B51CBF3DAF}.Debug|Any CPU.ActiveCfg = Debug|Any CPU
		{A6C785FE-A07E-4C2A-9942-D4B51CBF3DAF}.Debug|Any CPU.Build.0 = Debug|Any CPU
		{A6C785FE-A07E-4C2A-9942-D4B51CBF3DAF}.Release|Any CPU.ActiveCfg = Release|Any CPU
		{A6C785FE-A07E-4C2A-9942-D4B51CBF3DAF}.Release|Any CPU.Build.0 = Release|Any CPU
		{A6C785FE-A07E-4C2A-9942-D4B51CBF3DAF}.Release2|Any CPU.ActiveCfg = Release|Any CPU
		{A6C785FE-A07E-4C2A-9942-D4B51CBF3DAF}.Release2|Any CPU.Build.0 = Release|Any CPU
		{A6EC01CD-EC34-4618-A6CC-FB33AC200700}.Debug|Any CPU.ActiveCfg = Debug|Any CPU
		{A6EC01CD-EC34-4618-A6CC-FB33AC200700}.Debug|Any CPU.Build.0 = Debug|Any CPU
		{A6EC01CD-EC34-4618-A6CC-FB33AC200700}.Release|Any CPU.ActiveCfg = Release|Any CPU
		{A6EC01CD-EC34-4618-A6CC-FB33AC200700}.Release|Any CPU.Build.0 = Release|Any CPU
		{A6EC01CD-EC34-4618-A6CC-FB33AC200700}.Release2|Any CPU.ActiveCfg = Release|Any CPU
		{A6EC01CD-EC34-4618-A6CC-FB33AC200700}.Release2|Any CPU.Build.0 = Release|Any CPU
		{73457190-2AA0-496B-BE52-CD4DBA89C303}.Debug|Any CPU.ActiveCfg = Debug|Any CPU
		{73457190-2AA0-496B-BE52-CD4DBA89C303}.Debug|Any CPU.Build.0 = Debug|Any CPU
		{73457190-2AA0-496B-BE52-CD4DBA89C303}.Release|Any CPU.ActiveCfg = Release|Any CPU
		{73457190-2AA0-496B-BE52-CD4DBA89C303}.Release|Any CPU.Build.0 = Release|Any CPU
		{73457190-2AA0-496B-BE52-CD4DBA89C303}.Release2|Any CPU.ActiveCfg = Release|Any CPU
		{73457190-2AA0-496B-BE52-CD4DBA89C303}.Release2|Any CPU.Build.0 = Release|Any CPU
		{EFD5F74A-6E27-4F89-B7EF-028E91ED74F4}.Debug|Any CPU.ActiveCfg = Debug|Any CPU
		{EFD5F74A-6E27-4F89-B7EF-028E91ED74F4}.Debug|Any CPU.Build.0 = Debug|Any CPU
		{EFD5F74A-6E27-4F89-B7EF-028E91ED74F4}.Release|Any CPU.ActiveCfg = Release|Any CPU
		{EFD5F74A-6E27-4F89-B7EF-028E91ED74F4}.Release|Any CPU.Build.0 = Release|Any CPU
		{EFD5F74A-6E27-4F89-B7EF-028E91ED74F4}.Release2|Any CPU.ActiveCfg = Release|Any CPU
		{EFD5F74A-6E27-4F89-B7EF-028E91ED74F4}.Release2|Any CPU.Build.0 = Release|Any CPU
		{8793A841-D0E6-46FE-B5AC-456EF004AA62}.Debug|Any CPU.ActiveCfg = Debug|Any CPU
		{8793A841-D0E6-46FE-B5AC-456EF004AA62}.Debug|Any CPU.Build.0 = Debug|Any CPU
		{8793A841-D0E6-46FE-B5AC-456EF004AA62}.Release|Any CPU.ActiveCfg = Release|Any CPU
		{8793A841-D0E6-46FE-B5AC-456EF004AA62}.Release|Any CPU.Build.0 = Release|Any CPU
		{8793A841-D0E6-46FE-B5AC-456EF004AA62}.Release2|Any CPU.ActiveCfg = Release|Any CPU
		{8793A841-D0E6-46FE-B5AC-456EF004AA62}.Release2|Any CPU.Build.0 = Release|Any CPU
		{71283410-EA3E-4DFD-B9D5-9CE9895F2C40}.Debug|Any CPU.ActiveCfg = Debug|Any CPU
		{71283410-EA3E-4DFD-B9D5-9CE9895F2C40}.Debug|Any CPU.Build.0 = Debug|Any CPU
		{71283410-EA3E-4DFD-B9D5-9CE9895F2C40}.Release|Any CPU.ActiveCfg = Release|Any CPU
		{71283410-EA3E-4DFD-B9D5-9CE9895F2C40}.Release|Any CPU.Build.0 = Release|Any CPU
		{71283410-EA3E-4DFD-B9D5-9CE9895F2C40}.Release2|Any CPU.ActiveCfg = Release2|Any CPU
		{71283410-EA3E-4DFD-B9D5-9CE9895F2C40}.Release2|Any CPU.Build.0 = Release2|Any CPU
		{9DDA660B-8AAF-4125-A7DE-D4E9121157F8}.Debug|Any CPU.ActiveCfg = Debug|Any CPU
		{9DDA660B-8AAF-4125-A7DE-D4E9121157F8}.Debug|Any CPU.Build.0 = Debug|Any CPU
		{9DDA660B-8AAF-4125-A7DE-D4E9121157F8}.Release|Any CPU.ActiveCfg = Release|Any CPU
		{9DDA660B-8AAF-4125-A7DE-D4E9121157F8}.Release|Any CPU.Build.0 = Release|Any CPU
		{9DDA660B-8AAF-4125-A7DE-D4E9121157F8}.Release2|Any CPU.ActiveCfg = Release|Any CPU
		{9DDA660B-8AAF-4125-A7DE-D4E9121157F8}.Release2|Any CPU.Build.0 = Release|Any CPU
		{A59AF28A-E7D9-444B-AEC4-F53967683E59}.Debug|Any CPU.ActiveCfg = Debug|Any CPU
		{A59AF28A-E7D9-444B-AEC4-F53967683E59}.Debug|Any CPU.Build.0 = Debug|Any CPU
		{A59AF28A-E7D9-444B-AEC4-F53967683E59}.Release|Any CPU.ActiveCfg = Release|Any CPU
		{A59AF28A-E7D9-444B-AEC4-F53967683E59}.Release|Any CPU.Build.0 = Release|Any CPU
		{A59AF28A-E7D9-444B-AEC4-F53967683E59}.Release2|Any CPU.ActiveCfg = Release|Any CPU
		{A59AF28A-E7D9-444B-AEC4-F53967683E59}.Release2|Any CPU.Build.0 = Release|Any CPU
		{F42A0D64-D331-40FA-8C36-886E4EC5E656}.Debug|Any CPU.ActiveCfg = Debug|Any CPU
		{F42A0D64-D331-40FA-8C36-886E4EC5E656}.Debug|Any CPU.Build.0 = Debug|Any CPU
		{F42A0D64-D331-40FA-8C36-886E4EC5E656}.Release|Any CPU.ActiveCfg = Release|Any CPU
		{F42A0D64-D331-40FA-8C36-886E4EC5E656}.Release|Any CPU.Build.0 = Release|Any CPU
		{F42A0D64-D331-40FA-8C36-886E4EC5E656}.Release2|Any CPU.ActiveCfg = Release|Any CPU
		{F42A0D64-D331-40FA-8C36-886E4EC5E656}.Release2|Any CPU.Build.0 = Release|Any CPU
		{7327DAF2-86EB-43CD-904F-4AEB1A41F454}.Debug|Any CPU.ActiveCfg = Debug|Any CPU
		{7327DAF2-86EB-43CD-904F-4AEB1A41F454}.Debug|Any CPU.Build.0 = Debug|Any CPU
		{7327DAF2-86EB-43CD-904F-4AEB1A41F454}.Release|Any CPU.ActiveCfg = Release|Any CPU
		{7327DAF2-86EB-43CD-904F-4AEB1A41F454}.Release|Any CPU.Build.0 = Release|Any CPU
		{7327DAF2-86EB-43CD-904F-4AEB1A41F454}.Release2|Any CPU.ActiveCfg = Release|Any CPU
		{7327DAF2-86EB-43CD-904F-4AEB1A41F454}.Release2|Any CPU.Build.0 = Release|Any CPU
		{14F424C8-92F2-4098-AF87-6E33BFBD8857}.Debug|Any CPU.ActiveCfg = Debug|Any CPU
		{14F424C8-92F2-4098-AF87-6E33BFBD8857}.Debug|Any CPU.Build.0 = Debug|Any CPU
		{14F424C8-92F2-4098-AF87-6E33BFBD8857}.Release|Any CPU.ActiveCfg = Release|Any CPU
		{14F424C8-92F2-4098-AF87-6E33BFBD8857}.Release|Any CPU.Build.0 = Release|Any CPU
		{14F424C8-92F2-4098-AF87-6E33BFBD8857}.Release2|Any CPU.ActiveCfg = Release|Any CPU
		{14F424C8-92F2-4098-AF87-6E33BFBD8857}.Release2|Any CPU.Build.0 = Release|Any CPU
		{C050C85A-4070-4781-A09B-7FD2D9F22F86}.Debug|Any CPU.ActiveCfg = Debug|Any CPU
		{C050C85A-4070-4781-A09B-7FD2D9F22F86}.Debug|Any CPU.Build.0 = Debug|Any CPU
		{C050C85A-4070-4781-A09B-7FD2D9F22F86}.Release|Any CPU.ActiveCfg = Release|Any CPU
		{C050C85A-4070-4781-A09B-7FD2D9F22F86}.Release|Any CPU.Build.0 = Release|Any CPU
		{C050C85A-4070-4781-A09B-7FD2D9F22F86}.Release2|Any CPU.ActiveCfg = Release|Any CPU
		{C050C85A-4070-4781-A09B-7FD2D9F22F86}.Release2|Any CPU.Build.0 = Release|Any CPU
		{B6BC63AA-520E-46A9-BA10-DBB149BC0CB1}.Debug|Any CPU.ActiveCfg = Debug|Any CPU
		{B6BC63AA-520E-46A9-BA10-DBB149BC0CB1}.Debug|Any CPU.Build.0 = Debug|Any CPU
		{B6BC63AA-520E-46A9-BA10-DBB149BC0CB1}.Release|Any CPU.ActiveCfg = Release|Any CPU
		{B6BC63AA-520E-46A9-BA10-DBB149BC0CB1}.Release|Any CPU.Build.0 = Release|Any CPU
		{B6BC63AA-520E-46A9-BA10-DBB149BC0CB1}.Release2|Any CPU.ActiveCfg = Release|Any CPU
		{B6BC63AA-520E-46A9-BA10-DBB149BC0CB1}.Release2|Any CPU.Build.0 = Release|Any CPU
		{6BEA64D3-123A-49AF-8F47-B0D35704B740}.Debug|Any CPU.ActiveCfg = Debug|Any CPU
		{6BEA64D3-123A-49AF-8F47-B0D35704B740}.Debug|Any CPU.Build.0 = Debug|Any CPU
		{6BEA64D3-123A-49AF-8F47-B0D35704B740}.Release|Any CPU.ActiveCfg = Release|Any CPU
		{6BEA64D3-123A-49AF-8F47-B0D35704B740}.Release|Any CPU.Build.0 = Release|Any CPU
		{6BEA64D3-123A-49AF-8F47-B0D35704B740}.Release2|Any CPU.ActiveCfg = Release|Any CPU
		{6BEA64D3-123A-49AF-8F47-B0D35704B740}.Release2|Any CPU.Build.0 = Release|Any CPU
		{1E47F015-2763-47AD-A119-68EFCFE98BB5}.Debug|Any CPU.ActiveCfg = Debug|Any CPU
		{1E47F015-2763-47AD-A119-68EFCFE98BB5}.Debug|Any CPU.Build.0 = Debug|Any CPU
		{1E47F015-2763-47AD-A119-68EFCFE98BB5}.Release|Any CPU.ActiveCfg = Release|Any CPU
		{1E47F015-2763-47AD-A119-68EFCFE98BB5}.Release|Any CPU.Build.0 = Release|Any CPU
		{1E47F015-2763-47AD-A119-68EFCFE98BB5}.Release2|Any CPU.ActiveCfg = Release|Any CPU
		{1E47F015-2763-47AD-A119-68EFCFE98BB5}.Release2|Any CPU.Build.0 = Release|Any CPU
		{5BC93DE9-0D30-433C-97EC-4A710FD86A1E}.Debug|Any CPU.ActiveCfg = Debug|Any CPU
		{5BC93DE9-0D30-433C-97EC-4A710FD86A1E}.Debug|Any CPU.Build.0 = Debug|Any CPU
		{5BC93DE9-0D30-433C-97EC-4A710FD86A1E}.Release|Any CPU.ActiveCfg = Release|Any CPU
		{5BC93DE9-0D30-433C-97EC-4A710FD86A1E}.Release|Any CPU.Build.0 = Release|Any CPU
		{5BC93DE9-0D30-433C-97EC-4A710FD86A1E}.Release2|Any CPU.ActiveCfg = Release|Any CPU
		{5BC93DE9-0D30-433C-97EC-4A710FD86A1E}.Release2|Any CPU.Build.0 = Release|Any CPU
		{AF7DB29E-78BC-480B-87AB-9C6E62C3A9CF}.Debug|Any CPU.ActiveCfg = Debug|Any CPU
		{AF7DB29E-78BC-480B-87AB-9C6E62C3A9CF}.Debug|Any CPU.Build.0 = Debug|Any CPU
		{AF7DB29E-78BC-480B-87AB-9C6E62C3A9CF}.Release|Any CPU.ActiveCfg = Debug|Any CPU
		{AF7DB29E-78BC-480B-87AB-9C6E62C3A9CF}.Release|Any CPU.Build.0 = Debug|Any CPU
		{AF7DB29E-78BC-480B-87AB-9C6E62C3A9CF}.Release2|Any CPU.ActiveCfg = Debug|Any CPU
		{AF7DB29E-78BC-480B-87AB-9C6E62C3A9CF}.Release2|Any CPU.Build.0 = Debug|Any CPU
		{CAABA07B-CBD1-49E7-9E8F-49375108CDA1}.Debug|Any CPU.ActiveCfg = Debug|Any CPU
		{CAABA07B-CBD1-49E7-9E8F-49375108CDA1}.Debug|Any CPU.Build.0 = Debug|Any CPU
		{CAABA07B-CBD1-49E7-9E8F-49375108CDA1}.Release|Any CPU.ActiveCfg = Release|Any CPU
		{CAABA07B-CBD1-49E7-9E8F-49375108CDA1}.Release|Any CPU.Build.0 = Release|Any CPU
		{CAABA07B-CBD1-49E7-9E8F-49375108CDA1}.Release2|Any CPU.ActiveCfg = Release|Any CPU
		{CAABA07B-CBD1-49E7-9E8F-49375108CDA1}.Release2|Any CPU.Build.0 = Release|Any CPU
		{B74CE776-4827-47A2-8857-844A88C1C06F}.Debug|Any CPU.ActiveCfg = Debug|Any CPU
		{B74CE776-4827-47A2-8857-844A88C1C06F}.Debug|Any CPU.Build.0 = Debug|Any CPU
		{B74CE776-4827-47A2-8857-844A88C1C06F}.Release|Any CPU.ActiveCfg = Release|Any CPU
		{B74CE776-4827-47A2-8857-844A88C1C06F}.Release|Any CPU.Build.0 = Release|Any CPU
		{B74CE776-4827-47A2-8857-844A88C1C06F}.Release2|Any CPU.ActiveCfg = Release|Any CPU
		{B74CE776-4827-47A2-8857-844A88C1C06F}.Release2|Any CPU.Build.0 = Release|Any CPU
		{53F96B37-8F33-4FE1-8A7F-A5D23DD0A44B}.Debug|Any CPU.ActiveCfg = Debug|Any CPU
		{53F96B37-8F33-4FE1-8A7F-A5D23DD0A44B}.Debug|Any CPU.Build.0 = Debug|Any CPU
		{53F96B37-8F33-4FE1-8A7F-A5D23DD0A44B}.Release|Any CPU.ActiveCfg = Release|Any CPU
		{53F96B37-8F33-4FE1-8A7F-A5D23DD0A44B}.Release|Any CPU.Build.0 = Release|Any CPU
		{53F96B37-8F33-4FE1-8A7F-A5D23DD0A44B}.Release2|Any CPU.ActiveCfg = Release|Any CPU
		{53F96B37-8F33-4FE1-8A7F-A5D23DD0A44B}.Release2|Any CPU.Build.0 = Release|Any CPU
		{D8C48804-9B82-42E7-8A0C-FC30163C7BFF}.Debug|Any CPU.ActiveCfg = Debug|Any CPU
		{D8C48804-9B82-42E7-8A0C-FC30163C7BFF}.Debug|Any CPU.Build.0 = Debug|Any CPU
		{D8C48804-9B82-42E7-8A0C-FC30163C7BFF}.Release|Any CPU.ActiveCfg = Release|Any CPU
		{D8C48804-9B82-42E7-8A0C-FC30163C7BFF}.Release|Any CPU.Build.0 = Release|Any CPU
		{D8C48804-9B82-42E7-8A0C-FC30163C7BFF}.Release2|Any CPU.ActiveCfg = Release|Any CPU
		{D8C48804-9B82-42E7-8A0C-FC30163C7BFF}.Release2|Any CPU.Build.0 = Release|Any CPU
		{71DE137F-E4A7-4AE3-B395-6F8036F09D84}.Debug|Any CPU.ActiveCfg = Debug|Any CPU
		{71DE137F-E4A7-4AE3-B395-6F8036F09D84}.Debug|Any CPU.Build.0 = Debug|Any CPU
		{71DE137F-E4A7-4AE3-B395-6F8036F09D84}.Release|Any CPU.ActiveCfg = Release|Any CPU
		{71DE137F-E4A7-4AE3-B395-6F8036F09D84}.Release|Any CPU.Build.0 = Release|Any CPU
		{71DE137F-E4A7-4AE3-B395-6F8036F09D84}.Release2|Any CPU.ActiveCfg = Release|Any CPU
		{71DE137F-E4A7-4AE3-B395-6F8036F09D84}.Release2|Any CPU.Build.0 = Release|Any CPU
		{347433D6-BFE5-428C-8C1D-8A53CDED1A6B}.Debug|Any CPU.ActiveCfg = Debug|Any CPU
		{347433D6-BFE5-428C-8C1D-8A53CDED1A6B}.Debug|Any CPU.Build.0 = Debug|Any CPU
		{347433D6-BFE5-428C-8C1D-8A53CDED1A6B}.Release|Any CPU.ActiveCfg = Release|Any CPU
		{347433D6-BFE5-428C-8C1D-8A53CDED1A6B}.Release|Any CPU.Build.0 = Release|Any CPU
		{347433D6-BFE5-428C-8C1D-8A53CDED1A6B}.Release2|Any CPU.ActiveCfg = Release|Any CPU
		{347433D6-BFE5-428C-8C1D-8A53CDED1A6B}.Release2|Any CPU.Build.0 = Release|Any CPU
		{9B2C46FB-19DF-4C18-863A-AD5D6131DF57}.Debug|Any CPU.ActiveCfg = Debug|Any CPU
		{9B2C46FB-19DF-4C18-863A-AD5D6131DF57}.Debug|Any CPU.Build.0 = Debug|Any CPU
		{9B2C46FB-19DF-4C18-863A-AD5D6131DF57}.Release|Any CPU.ActiveCfg = Release|Any CPU
		{9B2C46FB-19DF-4C18-863A-AD5D6131DF57}.Release|Any CPU.Build.0 = Release|Any CPU
		{9B2C46FB-19DF-4C18-863A-AD5D6131DF57}.Release2|Any CPU.ActiveCfg = Release|Any CPU
		{9B2C46FB-19DF-4C18-863A-AD5D6131DF57}.Release2|Any CPU.Build.0 = Release|Any CPU
		{FF499E02-4EB5-4912-B574-F3952B9A3C47}.Debug|Any CPU.ActiveCfg = Debug|Any CPU
		{FF499E02-4EB5-4912-B574-F3952B9A3C47}.Debug|Any CPU.Build.0 = Debug|Any CPU
		{FF499E02-4EB5-4912-B574-F3952B9A3C47}.Release|Any CPU.ActiveCfg = Release|Any CPU
		{FF499E02-4EB5-4912-B574-F3952B9A3C47}.Release|Any CPU.Build.0 = Release|Any CPU
		{FF499E02-4EB5-4912-B574-F3952B9A3C47}.Release2|Any CPU.ActiveCfg = Release|Any CPU
		{FF499E02-4EB5-4912-B574-F3952B9A3C47}.Release2|Any CPU.Build.0 = Release|Any CPU
		{D8A73D7A-55C9-44C5-969E-7397EC7350D2}.Debug|Any CPU.ActiveCfg = Debug|Any CPU
		{D8A73D7A-55C9-44C5-969E-7397EC7350D2}.Debug|Any CPU.Build.0 = Debug|Any CPU
		{D8A73D7A-55C9-44C5-969E-7397EC7350D2}.Release|Any CPU.ActiveCfg = Release|Any CPU
		{D8A73D7A-55C9-44C5-969E-7397EC7350D2}.Release|Any CPU.Build.0 = Release|Any CPU
		{D8A73D7A-55C9-44C5-969E-7397EC7350D2}.Release2|Any CPU.ActiveCfg = Release|Any CPU
		{D8A73D7A-55C9-44C5-969E-7397EC7350D2}.Release2|Any CPU.Build.0 = Release|Any CPU
		{19915F3D-9894-44C7-BF68-BC3955D43D0F}.Debug|Any CPU.ActiveCfg = Debug|Any CPU
		{19915F3D-9894-44C7-BF68-BC3955D43D0F}.Debug|Any CPU.Build.0 = Debug|Any CPU
		{19915F3D-9894-44C7-BF68-BC3955D43D0F}.Release|Any CPU.ActiveCfg = Release|Any CPU
		{19915F3D-9894-44C7-BF68-BC3955D43D0F}.Release|Any CPU.Build.0 = Release|Any CPU
		{19915F3D-9894-44C7-BF68-BC3955D43D0F}.Release2|Any CPU.ActiveCfg = Release|Any CPU
		{19915F3D-9894-44C7-BF68-BC3955D43D0F}.Release2|Any CPU.Build.0 = Release|Any CPU
		{32490DAC-271C-402A-A90E-91ABE9CAF8EF}.Debug|Any CPU.ActiveCfg = Debug|Any CPU
		{32490DAC-271C-402A-A90E-91ABE9CAF8EF}.Debug|Any CPU.Build.0 = Debug|Any CPU
		{32490DAC-271C-402A-A90E-91ABE9CAF8EF}.Release|Any CPU.ActiveCfg = Release|Any CPU
		{32490DAC-271C-402A-A90E-91ABE9CAF8EF}.Release|Any CPU.Build.0 = Release|Any CPU
		{32490DAC-271C-402A-A90E-91ABE9CAF8EF}.Release2|Any CPU.ActiveCfg = Release|Any CPU
		{32490DAC-271C-402A-A90E-91ABE9CAF8EF}.Release2|Any CPU.Build.0 = Release|Any CPU
		{1A383D59-AD69-4C08-9C04-50DAD9E6F1D5}.Debug|Any CPU.ActiveCfg = Debug|Any CPU
		{1A383D59-AD69-4C08-9C04-50DAD9E6F1D5}.Debug|Any CPU.Build.0 = Debug|Any CPU
		{1A383D59-AD69-4C08-9C04-50DAD9E6F1D5}.Release|Any CPU.ActiveCfg = Release|Any CPU
		{1A383D59-AD69-4C08-9C04-50DAD9E6F1D5}.Release|Any CPU.Build.0 = Release|Any CPU
		{1A383D59-AD69-4C08-9C04-50DAD9E6F1D5}.Release2|Any CPU.ActiveCfg = Release|Any CPU
		{1A383D59-AD69-4C08-9C04-50DAD9E6F1D5}.Release2|Any CPU.Build.0 = Release|Any CPU
		{97B1E1CC-3FA5-4BFF-8381-1DFACC9E7E9A}.Debug|Any CPU.ActiveCfg = Debug|Any CPU
		{97B1E1CC-3FA5-4BFF-8381-1DFACC9E7E9A}.Debug|Any CPU.Build.0 = Debug|Any CPU
		{97B1E1CC-3FA5-4BFF-8381-1DFACC9E7E9A}.Release|Any CPU.ActiveCfg = Release|Any CPU
		{97B1E1CC-3FA5-4BFF-8381-1DFACC9E7E9A}.Release|Any CPU.Build.0 = Release|Any CPU
		{97B1E1CC-3FA5-4BFF-8381-1DFACC9E7E9A}.Release2|Any CPU.ActiveCfg = Release|Any CPU
		{97B1E1CC-3FA5-4BFF-8381-1DFACC9E7E9A}.Release2|Any CPU.Build.0 = Release|Any CPU
		{6BA42FF5-8943-42EF-93F6-9EA7CA5A66C1}.Debug|Any CPU.ActiveCfg = Debug|Any CPU
		{6BA42FF5-8943-42EF-93F6-9EA7CA5A66C1}.Debug|Any CPU.Build.0 = Debug|Any CPU
		{6BA42FF5-8943-42EF-93F6-9EA7CA5A66C1}.Release|Any CPU.ActiveCfg = Release|Any CPU
		{6BA42FF5-8943-42EF-93F6-9EA7CA5A66C1}.Release|Any CPU.Build.0 = Release|Any CPU
		{6BA42FF5-8943-42EF-93F6-9EA7CA5A66C1}.Release2|Any CPU.ActiveCfg = Release|Any CPU
		{6BA42FF5-8943-42EF-93F6-9EA7CA5A66C1}.Release2|Any CPU.Build.0 = Release|Any CPU
		{F8FFB8F7-BDC5-4D7F-B920-3780DB389A64}.Debug|Any CPU.ActiveCfg = Debug|Any CPU
		{F8FFB8F7-BDC5-4D7F-B920-3780DB389A64}.Debug|Any CPU.Build.0 = Debug|Any CPU
		{F8FFB8F7-BDC5-4D7F-B920-3780DB389A64}.Release|Any CPU.ActiveCfg = Release|Any CPU
		{F8FFB8F7-BDC5-4D7F-B920-3780DB389A64}.Release|Any CPU.Build.0 = Release|Any CPU
		{F8FFB8F7-BDC5-4D7F-B920-3780DB389A64}.Release2|Any CPU.ActiveCfg = Release|Any CPU
		{F8FFB8F7-BDC5-4D7F-B920-3780DB389A64}.Release2|Any CPU.Build.0 = Release|Any CPU
		{24A41A6E-E56F-4195-B873-16FA0446CD51}.Debug|Any CPU.ActiveCfg = Debug|Any CPU
		{24A41A6E-E56F-4195-B873-16FA0446CD51}.Debug|Any CPU.Build.0 = Debug|Any CPU
		{24A41A6E-E56F-4195-B873-16FA0446CD51}.Release|Any CPU.ActiveCfg = Release|Any CPU
		{24A41A6E-E56F-4195-B873-16FA0446CD51}.Release|Any CPU.Build.0 = Release|Any CPU
		{24A41A6E-E56F-4195-B873-16FA0446CD51}.Release2|Any CPU.ActiveCfg = Release|Any CPU
		{24A41A6E-E56F-4195-B873-16FA0446CD51}.Release2|Any CPU.Build.0 = Release|Any CPU
		{2E65D336-3245-4B56-A1A1-769BADAEBDD0}.Debug|Any CPU.ActiveCfg = Debug|Any CPU
		{2E65D336-3245-4B56-A1A1-769BADAEBDD0}.Debug|Any CPU.Build.0 = Debug|Any CPU
		{2E65D336-3245-4B56-A1A1-769BADAEBDD0}.Release|Any CPU.ActiveCfg = Release|Any CPU
		{2E65D336-3245-4B56-A1A1-769BADAEBDD0}.Release|Any CPU.Build.0 = Release|Any CPU
		{2E65D336-3245-4B56-A1A1-769BADAEBDD0}.Release2|Any CPU.ActiveCfg = Release|Any CPU
		{2E65D336-3245-4B56-A1A1-769BADAEBDD0}.Release2|Any CPU.Build.0 = Release|Any CPU
		{50BAD491-4EE4-41F1-B93E-E6BA2785EBB8}.Debug|Any CPU.ActiveCfg = Debug|Any CPU
		{50BAD491-4EE4-41F1-B93E-E6BA2785EBB8}.Debug|Any CPU.Build.0 = Debug|Any CPU
		{50BAD491-4EE4-41F1-B93E-E6BA2785EBB8}.Release|Any CPU.ActiveCfg = Release|Any CPU
		{50BAD491-4EE4-41F1-B93E-E6BA2785EBB8}.Release|Any CPU.Build.0 = Release|Any CPU
		{50BAD491-4EE4-41F1-B93E-E6BA2785EBB8}.Release2|Any CPU.ActiveCfg = Release|Any CPU
		{50BAD491-4EE4-41F1-B93E-E6BA2785EBB8}.Release2|Any CPU.Build.0 = Release|Any CPU
		{6DD6EE93-9AC0-4011-8CA3-35C1E02D938E}.Debug|Any CPU.ActiveCfg = Debug|Any CPU
		{6DD6EE93-9AC0-4011-8CA3-35C1E02D938E}.Debug|Any CPU.Build.0 = Debug|Any CPU
		{6DD6EE93-9AC0-4011-8CA3-35C1E02D938E}.Release|Any CPU.ActiveCfg = Release|Any CPU
		{6DD6EE93-9AC0-4011-8CA3-35C1E02D938E}.Release|Any CPU.Build.0 = Release|Any CPU
		{6DD6EE93-9AC0-4011-8CA3-35C1E02D938E}.Release2|Any CPU.ActiveCfg = Release|Any CPU
		{6DD6EE93-9AC0-4011-8CA3-35C1E02D938E}.Release2|Any CPU.Build.0 = Release|Any CPU
		{59EABFB8-5C47-492D-88B6-252A3C6C4EE8}.Debug|Any CPU.ActiveCfg = Debug|Any CPU
		{59EABFB8-5C47-492D-88B6-252A3C6C4EE8}.Debug|Any CPU.Build.0 = Debug|Any CPU
		{59EABFB8-5C47-492D-88B6-252A3C6C4EE8}.Release|Any CPU.ActiveCfg = Release|Any CPU
		{59EABFB8-5C47-492D-88B6-252A3C6C4EE8}.Release|Any CPU.Build.0 = Release|Any CPU
		{59EABFB8-5C47-492D-88B6-252A3C6C4EE8}.Release2|Any CPU.ActiveCfg = Release|Any CPU
		{59EABFB8-5C47-492D-88B6-252A3C6C4EE8}.Release2|Any CPU.Build.0 = Release|Any CPU
		{19E3E492-032E-4228-AF52-078ACE32AF5C}.Debug|Any CPU.ActiveCfg = Debug|Any CPU
		{19E3E492-032E-4228-AF52-078ACE32AF5C}.Debug|Any CPU.Build.0 = Debug|Any CPU
		{19E3E492-032E-4228-AF52-078ACE32AF5C}.Release|Any CPU.ActiveCfg = Release|Any CPU
		{19E3E492-032E-4228-AF52-078ACE32AF5C}.Release|Any CPU.Build.0 = Release|Any CPU
		{19E3E492-032E-4228-AF52-078ACE32AF5C}.Release2|Any CPU.ActiveCfg = Release|Any CPU
		{19E3E492-032E-4228-AF52-078ACE32AF5C}.Release2|Any CPU.Build.0 = Release|Any CPU
		{036BB435-8148-41B5-BFAF-B70A903B3770}.Debug|Any CPU.ActiveCfg = Debug|Any CPU
		{036BB435-8148-41B5-BFAF-B70A903B3770}.Debug|Any CPU.Build.0 = Debug|Any CPU
		{036BB435-8148-41B5-BFAF-B70A903B3770}.Release|Any CPU.ActiveCfg = Release|Any CPU
		{036BB435-8148-41B5-BFAF-B70A903B3770}.Release|Any CPU.Build.0 = Release|Any CPU
		{036BB435-8148-41B5-BFAF-B70A903B3770}.Release2|Any CPU.ActiveCfg = Release|Any CPU
		{036BB435-8148-41B5-BFAF-B70A903B3770}.Release2|Any CPU.Build.0 = Release|Any CPU
		{D6BA8125-D114-4A32-931B-4D909129C5DE}.Debug|Any CPU.ActiveCfg = Debug|Any CPU
		{D6BA8125-D114-4A32-931B-4D909129C5DE}.Debug|Any CPU.Build.0 = Debug|Any CPU
		{D6BA8125-D114-4A32-931B-4D909129C5DE}.Release|Any CPU.ActiveCfg = Release|Any CPU
		{D6BA8125-D114-4A32-931B-4D909129C5DE}.Release|Any CPU.Build.0 = Release|Any CPU
		{D6BA8125-D114-4A32-931B-4D909129C5DE}.Release2|Any CPU.ActiveCfg = Release|Any CPU
		{D6BA8125-D114-4A32-931B-4D909129C5DE}.Release2|Any CPU.Build.0 = Release|Any CPU
		{C96F2DB2-3373-41BD-88C8-8251028C691E}.Debug|Any CPU.ActiveCfg = Debug|Any CPU
		{C96F2DB2-3373-41BD-88C8-8251028C691E}.Debug|Any CPU.Build.0 = Debug|Any CPU
		{C96F2DB2-3373-41BD-88C8-8251028C691E}.Release|Any CPU.ActiveCfg = Release|Any CPU
		{C96F2DB2-3373-41BD-88C8-8251028C691E}.Release|Any CPU.Build.0 = Release|Any CPU
		{C96F2DB2-3373-41BD-88C8-8251028C691E}.Release2|Any CPU.ActiveCfg = Release|Any CPU
		{C96F2DB2-3373-41BD-88C8-8251028C691E}.Release2|Any CPU.Build.0 = Release|Any CPU
		{D969C6FC-DADD-4867-8226-94365A6631B8}.Debug|Any CPU.ActiveCfg = Debug|Any CPU
		{D969C6FC-DADD-4867-8226-94365A6631B8}.Debug|Any CPU.Build.0 = Debug|Any CPU
		{D969C6FC-DADD-4867-8226-94365A6631B8}.Release|Any CPU.ActiveCfg = Release|Any CPU
		{D969C6FC-DADD-4867-8226-94365A6631B8}.Release|Any CPU.Build.0 = Release|Any CPU
		{D969C6FC-DADD-4867-8226-94365A6631B8}.Release2|Any CPU.ActiveCfg = Release|Any CPU
		{D969C6FC-DADD-4867-8226-94365A6631B8}.Release2|Any CPU.Build.0 = Release|Any CPU
		{17A07EFE-86F1-47CA-B3F7-091ABA898C9E}.Debug|Any CPU.ActiveCfg = Debug|Any CPU
		{17A07EFE-86F1-47CA-B3F7-091ABA898C9E}.Debug|Any CPU.Build.0 = Debug|Any CPU
		{17A07EFE-86F1-47CA-B3F7-091ABA898C9E}.Release|Any CPU.ActiveCfg = Release|Any CPU
		{17A07EFE-86F1-47CA-B3F7-091ABA898C9E}.Release|Any CPU.Build.0 = Release|Any CPU
		{17A07EFE-86F1-47CA-B3F7-091ABA898C9E}.Release2|Any CPU.ActiveCfg = Release|Any CPU
		{17A07EFE-86F1-47CA-B3F7-091ABA898C9E}.Release2|Any CPU.Build.0 = Release|Any CPU
		{2F063486-4F7C-4986-832C-7C51FA45D86A}.Debug|Any CPU.ActiveCfg = Debug|Any CPU
		{2F063486-4F7C-4986-832C-7C51FA45D86A}.Debug|Any CPU.Build.0 = Debug|Any CPU
		{2F063486-4F7C-4986-832C-7C51FA45D86A}.Release|Any CPU.ActiveCfg = Release|Any CPU
		{2F063486-4F7C-4986-832C-7C51FA45D86A}.Release|Any CPU.Build.0 = Release|Any CPU
		{2F063486-4F7C-4986-832C-7C51FA45D86A}.Release2|Any CPU.ActiveCfg = Release|Any CPU
		{2F063486-4F7C-4986-832C-7C51FA45D86A}.Release2|Any CPU.Build.0 = Release|Any CPU
	EndGlobalSection
	GlobalSection(SolutionProperties) = preSolution
		HideSolutionNode = FALSE
	EndGlobalSection
	GlobalSection(NestedProjects) = preSolution
		{AAA43DBC-7B67-4027-B615-4289936FB99C} = {DF2C1A33-8F07-40F3-BE9F-113683D9BBC8}
		{BFA3D6B9-F435-448E-B1A0-0D33F944CEB3} = {DF2C1A33-8F07-40F3-BE9F-113683D9BBC8}
		{27578E2C-D7D3-4A01-94C1-58F72668471C} = {DF2C1A33-8F07-40F3-BE9F-113683D9BBC8}
		{784D7585-0768-4D16-8534-FC8891A28E04} = {DF2C1A33-8F07-40F3-BE9F-113683D9BBC8}
		{F25316D9-C3B0-4FBE-B112-4952336D4A07} = {DF2C1A33-8F07-40F3-BE9F-113683D9BBC8}
		{7F120EDF-5E97-4962-8A0A-1D96E654BF8F} = {DF2C1A33-8F07-40F3-BE9F-113683D9BBC8}
		{F7AC93F7-8808-4677-A547-5BD90FF17290} = {DF2C1A33-8F07-40F3-BE9F-113683D9BBC8}
		{BA44B3B4-DB2A-4378-9C0A-F91ECCB8FA37} = {DF2C1A33-8F07-40F3-BE9F-113683D9BBC8}
		{561C0258-9610-4110-85FC-91810F54AA49} = {DF2C1A33-8F07-40F3-BE9F-113683D9BBC8}
		{ED0AEDB8-8A03-45AE-8E61-71E7CA1EBCC6} = {DF2C1A33-8F07-40F3-BE9F-113683D9BBC8}
		{6AFD893D-3D81-4A1E-9857-EC99D3F106C4} = {DF2C1A33-8F07-40F3-BE9F-113683D9BBC8}
		{403DF048-A91F-4BCB-9DB1-AFB712E292D5} = {DF2C1A33-8F07-40F3-BE9F-113683D9BBC8}
		{A2386D26-8ED8-49E6-B798-FE58CB9EC155} = {DF2C1A33-8F07-40F3-BE9F-113683D9BBC8}
		{C969069D-E336-4487-9B01-2BD856246C72} = {DF2C1A33-8F07-40F3-BE9F-113683D9BBC8}
		{1BF5EEA9-D320-4D86-A1CC-CB08486EF2AD} = {DF2C1A33-8F07-40F3-BE9F-113683D9BBC8}
		{2379DE1F-1476-4832-AFC0-57D6AFD79DE1} = {DF2C1A33-8F07-40F3-BE9F-113683D9BBC8}
		{5F7EE812-EDDC-4D4D-B5A8-E4E934244F44} = {DF2C1A33-8F07-40F3-BE9F-113683D9BBC8}
		{CED68AED-0D33-40AC-B916-D65232146B11} = {DF2C1A33-8F07-40F3-BE9F-113683D9BBC8}
		{5A0D20B1-1AB0-42D8-AEBA-50F7DC3F2DF9} = {DF2C1A33-8F07-40F3-BE9F-113683D9BBC8}
		{2D1F531D-1F44-4AA7-9FAA-DDCA0668FCDD} = {DF2C1A33-8F07-40F3-BE9F-113683D9BBC8}
		{CCF03C35-C1E0-4FB8-AC44-A572E915F47B} = {DF2C1A33-8F07-40F3-BE9F-113683D9BBC8}
		{9FED2436-3145-42FD-BC60-3FF855FE1781} = {DF2C1A33-8F07-40F3-BE9F-113683D9BBC8}
		{C30B56BB-8F06-4BCB-BE39-766383904E21} = {DF2C1A33-8F07-40F3-BE9F-113683D9BBC8}
		{ED80EDF1-7F8B-41F1-9960-382006C8069D} = {DF2C1A33-8F07-40F3-BE9F-113683D9BBC8}
		{74656A3F-06D3-409F-89D3-E662CA9166C0} = {DF2C1A33-8F07-40F3-BE9F-113683D9BBC8}
		{EA6B415D-0663-447B-A967-8DA5AEA331A2} = {DF2C1A33-8F07-40F3-BE9F-113683D9BBC8}
		{6208D3D8-C9AE-4824-A4F9-2B8108187B6B} = {DF2C1A33-8F07-40F3-BE9F-113683D9BBC8}
		{B23066FA-9664-4349-B246-46FBE774C680} = {DF2C1A33-8F07-40F3-BE9F-113683D9BBC8}
		{2C7B059A-3E4A-44E5-BDEF-A6B13C8F9E11} = {DF2C1A33-8F07-40F3-BE9F-113683D9BBC8}
		{C7D48C8F-D004-4C60-B8A2-9611892A07F2} = {DF2C1A33-8F07-40F3-BE9F-113683D9BBC8}
		{56852580-6340-45FF-A918-1A4A1DDADA85} = {DF2C1A33-8F07-40F3-BE9F-113683D9BBC8}
		{A8EA023F-ACB1-4BD7-97CE-4CD22D779BEE} = {DF2C1A33-8F07-40F3-BE9F-113683D9BBC8}
		{FC48D983-3405-408D-AFDA-E77F6B8F4A5A} = {DF2C1A33-8F07-40F3-BE9F-113683D9BBC8}
		{1F243FD7-C879-45F0-8214-F470346F7BC5} = {DF2C1A33-8F07-40F3-BE9F-113683D9BBC8}
		{09E612AF-330D-4D82-B121-7A5D8238B593} = {DF2C1A33-8F07-40F3-BE9F-113683D9BBC8}
		{B566130E-4FB9-4550-A2DB-00A1FE2A0525} = {DF2C1A33-8F07-40F3-BE9F-113683D9BBC8}
		{3B9174A5-647B-400D-A996-82EC3FD98F91} = {DF2C1A33-8F07-40F3-BE9F-113683D9BBC8}
		{015F3844-DD84-46E4-90BF-1C1948229C2D} = {DF2C1A33-8F07-40F3-BE9F-113683D9BBC8}
		{C3614197-712C-462F-AD31-6930BE5627C3} = {DF2C1A33-8F07-40F3-BE9F-113683D9BBC8}
		{B1074224-1E07-4A5B-B187-1ACB6DC6A1C9} = {DF2C1A33-8F07-40F3-BE9F-113683D9BBC8}
		{A6C785FE-A07E-4C2A-9942-D4B51CBF3DAF} = {DF2C1A33-8F07-40F3-BE9F-113683D9BBC8}
		{A6EC01CD-EC34-4618-A6CC-FB33AC200700} = {DF2C1A33-8F07-40F3-BE9F-113683D9BBC8}
		{73457190-2AA0-496B-BE52-CD4DBA89C303} = {DF2C1A33-8F07-40F3-BE9F-113683D9BBC8}
		{EFD5F74A-6E27-4F89-B7EF-028E91ED74F4} = {DF2C1A33-8F07-40F3-BE9F-113683D9BBC8}
		{8793A841-D0E6-46FE-B5AC-456EF004AA62} = {DF2C1A33-8F07-40F3-BE9F-113683D9BBC8}
		{71283410-EA3E-4DFD-B9D5-9CE9895F2C40} = {DF2C1A33-8F07-40F3-BE9F-113683D9BBC8}
		{9DDA660B-8AAF-4125-A7DE-D4E9121157F8} = {DF2C1A33-8F07-40F3-BE9F-113683D9BBC8}
		{A59AF28A-E7D9-444B-AEC4-F53967683E59} = {DF2C1A33-8F07-40F3-BE9F-113683D9BBC8}
		{F42A0D64-D331-40FA-8C36-886E4EC5E656} = {DF2C1A33-8F07-40F3-BE9F-113683D9BBC8}
		{7327DAF2-86EB-43CD-904F-4AEB1A41F454} = {DF2C1A33-8F07-40F3-BE9F-113683D9BBC8}
		{14F424C8-92F2-4098-AF87-6E33BFBD8857} = {DF2C1A33-8F07-40F3-BE9F-113683D9BBC8}
		{C050C85A-4070-4781-A09B-7FD2D9F22F86} = {DF2C1A33-8F07-40F3-BE9F-113683D9BBC8}
		{B6BC63AA-520E-46A9-BA10-DBB149BC0CB1} = {DF2C1A33-8F07-40F3-BE9F-113683D9BBC8}
		{6BEA64D3-123A-49AF-8F47-B0D35704B740} = {DF2C1A33-8F07-40F3-BE9F-113683D9BBC8}
		{1E47F015-2763-47AD-A119-68EFCFE98BB5} = {DF2C1A33-8F07-40F3-BE9F-113683D9BBC8}
		{5BC93DE9-0D30-433C-97EC-4A710FD86A1E} = {DF2C1A33-8F07-40F3-BE9F-113683D9BBC8}
		{AF7DB29E-78BC-480B-87AB-9C6E62C3A9CF} = {DF2C1A33-8F07-40F3-BE9F-113683D9BBC8}
		{CAABA07B-CBD1-49E7-9E8F-49375108CDA1} = {DF2C1A33-8F07-40F3-BE9F-113683D9BBC8}
		{B74CE776-4827-47A2-8857-844A88C1C06F} = {DF2C1A33-8F07-40F3-BE9F-113683D9BBC8}
		{53F96B37-8F33-4FE1-8A7F-A5D23DD0A44B} = {DF2C1A33-8F07-40F3-BE9F-113683D9BBC8}
		{D8C48804-9B82-42E7-8A0C-FC30163C7BFF} = {DF2C1A33-8F07-40F3-BE9F-113683D9BBC8}
		{71DE137F-E4A7-4AE3-B395-6F8036F09D84} = {DF2C1A33-8F07-40F3-BE9F-113683D9BBC8}
		{347433D6-BFE5-428C-8C1D-8A53CDED1A6B} = {DF2C1A33-8F07-40F3-BE9F-113683D9BBC8}
		{9B2C46FB-19DF-4C18-863A-AD5D6131DF57} = {DF2C1A33-8F07-40F3-BE9F-113683D9BBC8}
		{FF499E02-4EB5-4912-B574-F3952B9A3C47} = {DF2C1A33-8F07-40F3-BE9F-113683D9BBC8}
		{D8A73D7A-55C9-44C5-969E-7397EC7350D2} = {DF2C1A33-8F07-40F3-BE9F-113683D9BBC8}
		{19915F3D-9894-44C7-BF68-BC3955D43D0F} = {DF2C1A33-8F07-40F3-BE9F-113683D9BBC8}
		{32490DAC-271C-402A-A90E-91ABE9CAF8EF} = {DF2C1A33-8F07-40F3-BE9F-113683D9BBC8}
		{1A383D59-AD69-4C08-9C04-50DAD9E6F1D5} = {DF2C1A33-8F07-40F3-BE9F-113683D9BBC8}
		{97B1E1CC-3FA5-4BFF-8381-1DFACC9E7E9A} = {DF2C1A33-8F07-40F3-BE9F-113683D9BBC8}
		{6BA42FF5-8943-42EF-93F6-9EA7CA5A66C1} = {DF2C1A33-8F07-40F3-BE9F-113683D9BBC8}
		{F8FFB8F7-BDC5-4D7F-B920-3780DB389A64} = {DF2C1A33-8F07-40F3-BE9F-113683D9BBC8}
		{24A41A6E-E56F-4195-B873-16FA0446CD51} = {DF2C1A33-8F07-40F3-BE9F-113683D9BBC8}
		{2E65D336-3245-4B56-A1A1-769BADAEBDD0} = {DF2C1A33-8F07-40F3-BE9F-113683D9BBC8}
		{50BAD491-4EE4-41F1-B93E-E6BA2785EBB8} = {DF2C1A33-8F07-40F3-BE9F-113683D9BBC8}
		{6DD6EE93-9AC0-4011-8CA3-35C1E02D938E} = {DF2C1A33-8F07-40F3-BE9F-113683D9BBC8}
		{DF2C1A33-8F07-40F3-BE9F-113683D9BBC8} = {24F61C11-CC87-4DFE-A4CF-659E31DFF121}
		{1186B31F-04F3-4DDC-8077-FBB1DAB3302B} = {24F61C11-CC87-4DFE-A4CF-659E31DFF121}
		{59EABFB8-5C47-492D-88B6-252A3C6C4EE8} = {1186B31F-04F3-4DDC-8077-FBB1DAB3302B}
		{19E3E492-032E-4228-AF52-078ACE32AF5C} = {DF2C1A33-8F07-40F3-BE9F-113683D9BBC8}
		{036BB435-8148-41B5-BFAF-B70A903B3770} = {DF2C1A33-8F07-40F3-BE9F-113683D9BBC8}
		{D6BA8125-D114-4A32-931B-4D909129C5DE} = {DF2C1A33-8F07-40F3-BE9F-113683D9BBC8}
		{C96F2DB2-3373-41BD-88C8-8251028C691E} = {DF2C1A33-8F07-40F3-BE9F-113683D9BBC8}
		{D969C6FC-DADD-4867-8226-94365A6631B8} = {DF2C1A33-8F07-40F3-BE9F-113683D9BBC8}
		{17A07EFE-86F1-47CA-B3F7-091ABA898C9E} = {DF2C1A33-8F07-40F3-BE9F-113683D9BBC8}
		{2F063486-4F7C-4986-832C-7C51FA45D86A} = {1186B31F-04F3-4DDC-8077-FBB1DAB3302B}
	EndGlobalSection
	GlobalSection(ExtensibilityGlobals) = postSolution
		SolutionGuid = {898228DF-1C3B-4527-B10D-83145966681D}
	EndGlobalSection
EndGlobal
